// !$*UTF8*$!
{
	archiveVersion = 1;
	classes = {
	};
	objectVersion = 46;
	objects = {

/* Begin PBXBuildFile section */
		A76D2B1C10D8F22E00DD9F82 /* nnbuffer.cpp in Sources */ = {isa = PBXBuildFile; fileRef = A76D2AFA10D8F22E00DD9F82 /* nnbuffer.cpp */; };
		A76D2B1D10D8F22E00DD9F82 /* nnclientsocket.cpp in Sources */ = {isa = PBXBuildFile; fileRef = A76D2AFC10D8F22E00DD9F82 /* nnclientsocket.cpp */; };
		A76D2B1E10D8F22E00DD9F82 /* nnlog.cpp in Sources */ = {isa = PBXBuildFile; fileRef = A76D2B0110D8F22E00DD9F82 /* nnlog.cpp */; };
		A76D2B1F10D8F22E00DD9F82 /* nnpath.cpp in Sources */ = {isa = PBXBuildFile; fileRef = A76D2B0410D8F22E00DD9F82 /* nnpath.cpp */; };
		A76D2B2010D8F22E00DD9F82 /* nnratelimiter.cpp in Sources */ = {isa = PBXBuildFile; fileRef = A76D2B0610D8F22E00DD9F82 /* nnratelimiter.cpp */; };
		A76D2B2110D8F22E00DD9F82 /* nnreactor.cpp in Sources */ = {isa = PBXBuildFile; fileRef = A76D2B0810D8F22E00DD9F82 /* nnreactor.cpp */; };
		A76D2B2210D8F22E00DD9F82 /* nnserversocket.cpp in Sources */ = {isa = PBXBuildFile; fileRef = A76D2B0C10D8F22E00DD9F82 /* nnserversocket.cpp */; };
		A76D2B2310D8F22E00DD9F82 /* nntcpclientsocket.cpp in Sources */ = {isa = PBXBuildFile; fileRef = A76D2B0F10D8F22E00DD9F82 /* nntcpclientsocket.cpp */; };
		A76D2B2410D8F22E00DD9F82 /* nntcpserversocket.cpp in Sources */ = {isa = PBXBuildFile; fileRef = A76D2B1210D8F22E00DD9F82 /* nntcpserversocket.cpp */; };
		A76D2B2510D8F22E00DD9F82 /* nnunixclientsocket.cpp in Sources */ = {isa = PBXBuildFile; fileRef = A76D2B1410D8F22E00DD9F82 /* nnunixclientsocket.cpp */; };
		A76D2B2610D8F22E00DD9F82 /* nnunixserversocket.cpp in Sources */ = {isa = PBXBuildFile; fileRef = A76D2B1710D8F22E00DD9F82 /* nnunixserversocket.cpp */; };
		A76D2B6410D8F28F00DD9F82 /* codesetmanager.cpp in Sources */ = {isa = PBXBuildFile; fileRef = A76D2B2F10D8F28F00DD9F82 /* codesetmanager.cpp */; };
		A76D2B6510D8F28F00DD9F82 /* configmanager.cpp in Sources */ = {isa = PBXBuildFile; fileRef = A76D2B3110D8F28F00DD9F82 /* configmanager.cpp */; };
		A76D2B6610D8F28F00DD9F82 /* distributedsocket.cpp in Sources */ = {isa = PBXBuildFile; fileRef = A76D2B3510D8F28F00DD9F82 /* distributedsocket.cpp */; };
		A76D2B6710D8F28F00DD9F82 /* downloadmanager.cpp in Sources */ = {isa = PBXBuildFile; fileRef = A76D2B3710D8F28F00DD9F82 /* downloadmanager.cpp */; };
		A76D2B6810D8F28F00DD9F82 /* downloadsocket.cpp in Sources */ = {isa = PBXBuildFile; fileRef = A76D2B3910D8F28F00DD9F82 /* downloadsocket.cpp */; };
		A76D2B6910D8F28F00DD9F82 /* handshakesocket.cpp in Sources */ = {isa = PBXBuildFile; fileRef = A76D2B3C10D8F28F00DD9F82 /* handshakesocket.cpp */; };
		A76D2B6A10D8F28F00DD9F82 /* ifacemanager.cpp in Sources */ = {isa = PBXBuildFile; fileRef = A76D2B3F10D8F28F00DD9F82 /* ifacemanager.cpp */; };
		A76D2B6B10D8F28F00DD9F82 /* ifacesocket.cpp in Sources */ = {isa = PBXBuildFile; fileRef = A76D2B4210D8F28F00DD9F82 /* ifacesocket.cpp */; };
		A76D2B6C10D8F28F00DD9F82 /* main.cpp in Sources */ = {isa = PBXBuildFile; fileRef = A76D2B4410D8F28F00DD9F82 /* main.cpp */; };
		A76D2B6D10D8F28F00DD9F82 /* messageprocessor.cpp in Sources */ = {isa = PBXBuildFile; fileRef = A76D2B4510D8F28F00DD9F82 /* messageprocessor.cpp */; };
		A76D2B6E10D8F28F00DD9F82 /* museekd.cpp in Sources */ = {isa = PBXBuildFile; fileRef = A76D2B4710D8F28F00DD9F82 /* museekd.cpp */; };
		A76D2B6F10D8F28F00DD9F82 /* networkmessage.cpp in Sources */ = {isa = PBXBuildFile; fileRef = A76D2B4A10D8F28F00DD9F82 /* networkmessage.cpp */; };
		A76D2B7010D8F28F00DD9F82 /* peermanager.cpp in Sources */ = {isa = PBXBuildFile; fileRef = A76D2B4D10D8F28F00DD9F82 /* peermanager.cpp */; };
		A76D2B7110D8F28F00DD9F82 /* peersocket.cpp in Sources */ = {isa = PBXBuildFile; fileRef = A76D2B5010D8F28F00DD9F82 /* peersocket.cpp */; };
		A76D2B7210D8F28F00DD9F82 /* searchmanager.cpp in Sources */ = {isa = PBXBuildFile; fileRef = A76D2B5210D8F28F00DD9F82 /* searchmanager.cpp */; };
		A76D2B7310D8F28F00DD9F82 /* servermanager.cpp in Sources */ = {isa = PBXBuildFile; fileRef = A76D2B5510D8F28F00DD9F82 /* servermanager.cpp */; };
		A76D2B7410D8F28F00DD9F82 /* sharesdatabase.cpp in Sources */ = {isa = PBXBuildFile; fileRef = A76D2B5810D8F28F00DD9F82 /* sharesdatabase.cpp */; };
		A76D2B7510D8F28F00DD9F82 /* ticketsocket.cpp in Sources */ = {isa = PBXBuildFile; fileRef = A76D2B5B10D8F28F00DD9F82 /* ticketsocket.cpp */; };
		A76D2B7610D8F28F00DD9F82 /* uploadmanager.cpp in Sources */ = {isa = PBXBuildFile; fileRef = A76D2B5D10D8F28F00DD9F82 /* uploadmanager.cpp */; };
		A76D2B7710D8F28F00DD9F82 /* uploadsocket.cpp in Sources */ = {isa = PBXBuildFile; fileRef = A76D2B5F10D8F28F00DD9F82 /* uploadsocket.cpp */; };
		A76D2B7810D8F28F00DD9F82 /* usersocket.cpp in Sources */ = {isa = PBXBuildFile; fileRef = A76D2B6110D8F28F00DD9F82 /* usersocket.cpp */; };
		A76D2B7C10D8F46200DD9F82 /* libxml2.dylib in Frameworks */ = {isa = PBXBuildFile; fileRef = A76D2B7B10D8F46200DD9F82 /* libxml2.dylib */; };
		A76D2B8D10D8F8B800DD9F82 /* libiconv.dylib in Frameworks */ = {isa = PBXBuildFile; fileRef = A76D2B8C10D8F8B800DD9F82 /* libiconv.dylib */; };
		A76D2B9110D8F8DC00DD9F82 /* libz.dylib in Frameworks */ = {isa = PBXBuildFile; fileRef = A76D2B9010D8F8DC00DD9F82 /* libz.dylib */; };
		A7CF25AB10DFD5250015238F /* Codec.cc in Sources */ = {isa = PBXBuildFile; fileRef = A7CF25A410DFD5250015238F /* Codec.cc */; };
		A7CF25AC10DFD5250015238F /* DirEntry.cc in Sources */ = {isa = PBXBuildFile; fileRef = A7CF25A610DFD5250015238F /* DirEntry.cc */; };
		A7CF25AD10DFD5250015238F /* Muconf.cc in Sources */ = {isa = PBXBuildFile; fileRef = A7CF25A810DFD5250015238F /* Muconf.cc */; };
		A7D595EE10D849D000769CC4 /* aes.cpp in Sources */ = {isa = PBXBuildFile; fileRef = A7D595E410D849D000769CC4 /* aes.cpp */; };
		A7D595EF10D849D000769CC4 /* hexdigest.cpp in Sources */ = {isa = PBXBuildFile; fileRef = A7D595E510D849D000769CC4 /* hexdigest.cpp */; };
		A7D595F010D849D000769CC4 /* md5.cpp in Sources */ = {isa = PBXBuildFile; fileRef = A7D595E610D849D000769CC4 /* md5.cpp */; };
		A7D595F110D849D000769CC4 /* sha.cpp in Sources */ = {isa = PBXBuildFile; fileRef = A7D595E810D849D000769CC4 /* sha.cpp */; };
		A7D595F210D849D000769CC4 /* sha256.cpp in Sources */ = {isa = PBXBuildFile; fileRef = A7D595EA10D849D000769CC4 /* sha256.cpp */; };
		A7D595F310D849D000769CC4 /* wraphelp.cpp in Sources */ = {isa = PBXBuildFile; fileRef = A7D595EC10D849D000769CC4 /* wraphelp.cpp */; };
		DDA6DE06144CCC1E0014C356 /* libevent.framework in Frameworks */ = {isa = PBXBuildFile; fileRef = DDA6DE00144CCBA30014C356 /* libevent.framework */; };
		DDA6DE07144CCC1E0014C356 /* libXMLFramework.framework in Frameworks */ = {isa = PBXBuildFile; fileRef = DDA6DDFA144CCB970014C356 /* libXMLFramework.framework */; };
/* End PBXBuildFile section */

/* Begin PBXContainerItemProxy section */
		DDA6DDF9144CCB970014C356 /* PBXContainerItemProxy */ = {
			isa = PBXContainerItemProxy;
			containerPortal = DDA6DDF5144CCB960014C356 /* libXMLFramework.xcodeproj */;
			proxyType = 2;
			remoteGlobalIDString = 8DC2EF5B0486A6940098B216;
			remoteInfo = libXMLFramework;
		};
		DDA6DDFF144CCBA30014C356 /* PBXContainerItemProxy */ = {
			isa = PBXContainerItemProxy;
			containerPortal = DDA6DDFB144CCBA20014C356 /* libevent.xcodeproj */;
			proxyType = 2;
			remoteGlobalIDString = 8DC2EF5B0486A6940098B216;
			remoteInfo = libevent;
		};
		DDA6DE02144CCC190014C356 /* PBXContainerItemProxy */ = {
			isa = PBXContainerItemProxy;
			containerPortal = DDA6DDFB144CCBA20014C356 /* libevent.xcodeproj */;
			proxyType = 1;
			remoteGlobalIDString = 8DC2EF4F0486A6940098B216;
			remoteInfo = libevent;
		};
		DDA6DE04144CCC190014C356 /* PBXContainerItemProxy */ = {
			isa = PBXContainerItemProxy;
			containerPortal = DDA6DDF5144CCB960014C356 /* libXMLFramework.xcodeproj */;
			proxyType = 1;
			remoteGlobalIDString = 8DC2EF4F0486A6940098B216;
			remoteInfo = libXMLFramework;
		};
/* End PBXContainerItemProxy section */

/* Begin PBXCopyFilesBuildPhase section */
		8DD76F690486A84900D96B5E /* CopyFiles */ = {
			isa = PBXCopyFilesBuildPhase;
			buildActionMask = 12;
			dstPath = "";
			dstSubfolderSpec = 10;
			files = (
			);
			runOnlyForDeploymentPostprocessing = 0;
		};
/* End PBXCopyFilesBuildPhase section */

/* Begin PBXFileReference section */
		8DD76F6C0486A84900D96B5E /* museek */ = {isa = PBXFileReference; explicitFileType = "compiled.mach-o.executable"; includeInIndex = 0; path = museek; sourceTree = BUILT_PRODUCTS_DIR; };
		A76D2AF910D8F22E00DD9F82 /* nnbaseptr.h */ = {isa = PBXFileReference; fileEncoding = 4; lastKnownFileType = sourcecode.c.h; name = nnbaseptr.h; path = NewNet/nnbaseptr.h; sourceTree = "<group>"; };
		A76D2AFA10D8F22E00DD9F82 /* nnbuffer.cpp */ = {isa = PBXFileReference; fileEncoding = 4; lastKnownFileType = sourcecode.cpp.cpp; name = nnbuffer.cpp; path = NewNet/nnbuffer.cpp; sourceTree = "<group>"; };
		A76D2AFB10D8F22E00DD9F82 /* nnbuffer.h */ = {isa = PBXFileReference; fileEncoding = 4; lastKnownFileType = sourcecode.c.h; name = nnbuffer.h; path = NewNet/nnbuffer.h; sourceTree = "<group>"; };
		A76D2AFC10D8F22E00DD9F82 /* nnclientsocket.cpp */ = {isa = PBXFileReference; fileEncoding = 4; lastKnownFileType = sourcecode.cpp.cpp; name = nnclientsocket.cpp; path = NewNet/nnclientsocket.cpp; sourceTree = "<group>"; };
		A76D2AFD10D8F22E00DD9F82 /* nnclientsocket.h */ = {isa = PBXFileReference; fileEncoding = 4; lastKnownFileType = sourcecode.c.h; name = nnclientsocket.h; path = NewNet/nnclientsocket.h; sourceTree = "<group>"; };
		A76D2AFE10D8F22E00DD9F82 /* nnevent.h */ = {isa = PBXFileReference; fileEncoding = 4; lastKnownFileType = sourcecode.c.h; name = nnevent.h; path = NewNet/nnevent.h; sourceTree = "<group>"; };
		A76D2AFF10D8F22E00DD9F82 /* nnfactorysocket.h */ = {isa = PBXFileReference; fileEncoding = 4; lastKnownFileType = sourcecode.c.h; name = nnfactorysocket.h; path = NewNet/nnfactorysocket.h; sourceTree = "<group>"; };
		A76D2B0010D8F22E00DD9F82 /* nnguardobject.h */ = {isa = PBXFileReference; fileEncoding = 4; lastKnownFileType = sourcecode.c.h; name = nnguardobject.h; path = NewNet/nnguardobject.h; sourceTree = "<group>"; };
		A76D2B0110D8F22E00DD9F82 /* nnlog.cpp */ = {isa = PBXFileReference; fileEncoding = 4; lastKnownFileType = sourcecode.cpp.cpp; name = nnlog.cpp; path = NewNet/nnlog.cpp; sourceTree = "<group>"; };
		A76D2B0210D8F22E00DD9F82 /* nnlog.h */ = {isa = PBXFileReference; fileEncoding = 4; lastKnownFileType = sourcecode.c.h; name = nnlog.h; path = NewNet/nnlog.h; sourceTree = "<group>"; };
		A76D2B0310D8F22E00DD9F82 /* nnobject.h */ = {isa = PBXFileReference; fileEncoding = 4; lastKnownFileType = sourcecode.c.h; name = nnobject.h; path = NewNet/nnobject.h; sourceTree = "<group>"; };
		A76D2B0410D8F22E00DD9F82 /* nnpath.cpp */ = {isa = PBXFileReference; fileEncoding = 4; lastKnownFileType = sourcecode.cpp.cpp; name = nnpath.cpp; path = NewNet/nnpath.cpp; sourceTree = "<group>"; };
		A76D2B0510D8F22E00DD9F82 /* nnpath.h */ = {isa = PBXFileReference; fileEncoding = 4; lastKnownFileType = sourcecode.c.h; name = nnpath.h; path = NewNet/nnpath.h; sourceTree = "<group>"; };
		A76D2B0610D8F22E00DD9F82 /* nnratelimiter.cpp */ = {isa = PBXFileReference; fileEncoding = 4; lastKnownFileType = sourcecode.cpp.cpp; name = nnratelimiter.cpp; path = NewNet/nnratelimiter.cpp; sourceTree = "<group>"; };
		A76D2B0710D8F22E00DD9F82 /* nnratelimiter.h */ = {isa = PBXFileReference; fileEncoding = 4; lastKnownFileType = sourcecode.c.h; name = nnratelimiter.h; path = NewNet/nnratelimiter.h; sourceTree = "<group>"; };
		A76D2B0810D8F22E00DD9F82 /* nnreactor.cpp */ = {isa = PBXFileReference; fileEncoding = 4; lastKnownFileType = sourcecode.cpp.cpp; name = nnreactor.cpp; path = NewNet/nnreactor.cpp; sourceTree = "<group>"; };
		A76D2B0910D8F22E00DD9F82 /* nnreactor.h */ = {isa = PBXFileReference; fileEncoding = 4; lastKnownFileType = sourcecode.c.h; name = nnreactor.h; path = NewNet/nnreactor.h; sourceTree = "<group>"; };
		A76D2B0A10D8F22E00DD9F82 /* nnrefcounter.h */ = {isa = PBXFileReference; fileEncoding = 4; lastKnownFileType = sourcecode.c.h; name = nnrefcounter.h; path = NewNet/nnrefcounter.h; sourceTree = "<group>"; };
		A76D2B0B10D8F22E00DD9F82 /* nnrefptr.h */ = {isa = PBXFileReference; fileEncoding = 4; lastKnownFileType = sourcecode.c.h; name = nnrefptr.h; path = NewNet/nnrefptr.h; sourceTree = "<group>"; };
		A76D2B0C10D8F22E00DD9F82 /* nnserversocket.cpp */ = {isa = PBXFileReference; fileEncoding = 4; lastKnownFileType = sourcecode.cpp.cpp; name = nnserversocket.cpp; path = NewNet/nnserversocket.cpp; sourceTree = "<group>"; };
		A76D2B0D10D8F22E00DD9F82 /* nnserversocket.h */ = {isa = PBXFileReference; fileEncoding = 4; lastKnownFileType = sourcecode.c.h; name = nnserversocket.h; path = NewNet/nnserversocket.h; sourceTree = "<group>"; };
		A76D2B0E10D8F22E00DD9F82 /* nnsocket.h */ = {isa = PBXFileReference; fileEncoding = 4; lastKnownFileType = sourcecode.c.h; name = nnsocket.h; path = NewNet/nnsocket.h; sourceTree = "<group>"; };
		A76D2B0F10D8F22E00DD9F82 /* nntcpclientsocket.cpp */ = {isa = PBXFileReference; fileEncoding = 4; lastKnownFileType = sourcecode.cpp.cpp; name = nntcpclientsocket.cpp; path = NewNet/nntcpclientsocket.cpp; sourceTree = "<group>"; };
		A76D2B1010D8F22E00DD9F82 /* nntcpclientsocket.h */ = {isa = PBXFileReference; fileEncoding = 4; lastKnownFileType = sourcecode.c.h; name = nntcpclientsocket.h; path = NewNet/nntcpclientsocket.h; sourceTree = "<group>"; };
		A76D2B1110D8F22E00DD9F82 /* nntcpfactorysocket.h */ = {isa = PBXFileReference; fileEncoding = 4; lastKnownFileType = sourcecode.c.h; name = nntcpfactorysocket.h; path = NewNet/nntcpfactorysocket.h; sourceTree = "<group>"; };
		A76D2B1210D8F22E00DD9F82 /* nntcpserversocket.cpp */ = {isa = PBXFileReference; fileEncoding = 4; lastKnownFileType = sourcecode.cpp.cpp; name = nntcpserversocket.cpp; path = NewNet/nntcpserversocket.cpp; sourceTree = "<group>"; };
		A76D2B1310D8F22E00DD9F82 /* nntcpserversocket.h */ = {isa = PBXFileReference; fileEncoding = 4; lastKnownFileType = sourcecode.c.h; name = nntcpserversocket.h; path = NewNet/nntcpserversocket.h; sourceTree = "<group>"; };
		A76D2B1410D8F22E00DD9F82 /* nnunixclientsocket.cpp */ = {isa = PBXFileReference; fileEncoding = 4; lastKnownFileType = sourcecode.cpp.cpp; name = nnunixclientsocket.cpp; path = NewNet/nnunixclientsocket.cpp; sourceTree = "<group>"; };
		A76D2B1510D8F22E00DD9F82 /* nnunixclientsocket.h */ = {isa = PBXFileReference; fileEncoding = 4; lastKnownFileType = sourcecode.c.h; name = nnunixclientsocket.h; path = NewNet/nnunixclientsocket.h; sourceTree = "<group>"; };
		A76D2B1610D8F22E00DD9F82 /* nnunixfactorysocket.h */ = {isa = PBXFileReference; fileEncoding = 4; lastKnownFileType = sourcecode.c.h; name = nnunixfactorysocket.h; path = NewNet/nnunixfactorysocket.h; sourceTree = "<group>"; };
		A76D2B1710D8F22E00DD9F82 /* nnunixserversocket.cpp */ = {isa = PBXFileReference; fileEncoding = 4; lastKnownFileType = sourcecode.cpp.cpp; name = nnunixserversocket.cpp; path = NewNet/nnunixserversocket.cpp; sourceTree = "<group>"; };
		A76D2B1810D8F22E00DD9F82 /* nnunixserversocket.h */ = {isa = PBXFileReference; fileEncoding = 4; lastKnownFileType = sourcecode.c.h; name = nnunixserversocket.h; path = NewNet/nnunixserversocket.h; sourceTree = "<group>"; };
		A76D2B1910D8F22E00DD9F82 /* nnweakrefptr.h */ = {isa = PBXFileReference; fileEncoding = 4; lastKnownFileType = sourcecode.c.h; name = nnweakrefptr.h; path = NewNet/nnweakrefptr.h; sourceTree = "<group>"; };
		A76D2B1A10D8F22E00DD9F82 /* platform.h */ = {isa = PBXFileReference; fileEncoding = 4; lastKnownFileType = sourcecode.c.h; name = platform.h; path = NewNet/platform.h; sourceTree = "<group>"; };
		A76D2B1B10D8F22E00DD9F82 /* util.h */ = {isa = PBXFileReference; fileEncoding = 4; lastKnownFileType = sourcecode.c.h; name = util.h; path = NewNet/util.h; sourceTree = "<group>"; };
		A76D2B2F10D8F28F00DD9F82 /* codesetmanager.cpp */ = {isa = PBXFileReference; fileEncoding = 4; lastKnownFileType = sourcecode.cpp.cpp; name = codesetmanager.cpp; path = museekd/codesetmanager.cpp; sourceTree = "<group>"; };
		A76D2B3010D8F28F00DD9F82 /* codesetmanager.h */ = {isa = PBXFileReference; fileEncoding = 4; lastKnownFileType = sourcecode.c.h; name = codesetmanager.h; path = museekd/codesetmanager.h; sourceTree = "<group>"; };
		A76D2B3110D8F28F00DD9F82 /* configmanager.cpp */ = {isa = PBXFileReference; fileEncoding = 4; lastKnownFileType = sourcecode.cpp.cpp; name = configmanager.cpp; path = museekd/configmanager.cpp; sourceTree = "<group>"; };
		A76D2B3210D8F28F00DD9F82 /* configmanager.h */ = {isa = PBXFileReference; fileEncoding = 4; lastKnownFileType = sourcecode.c.h; name = configmanager.h; path = museekd/configmanager.h; sourceTree = "<group>"; };
		A76D2B3310D8F28F00DD9F82 /* distributedeventtable.h */ = {isa = PBXFileReference; fileEncoding = 4; lastKnownFileType = sourcecode.c.h; name = distributedeventtable.h; path = museekd/distributedeventtable.h; sourceTree = "<group>"; };
		A76D2B3410D8F28F00DD9F82 /* distributedmessages.h */ = {isa = PBXFileReference; fileEncoding = 4; lastKnownFileType = sourcecode.c.h; name = distributedmessages.h; path = museekd/distributedmessages.h; sourceTree = "<group>"; };
		A76D2B3510D8F28F00DD9F82 /* distributedsocket.cpp */ = {isa = PBXFileReference; fileEncoding = 4; lastKnownFileType = sourcecode.cpp.cpp; name = distributedsocket.cpp; path = museekd/distributedsocket.cpp; sourceTree = "<group>"; };
		A76D2B3610D8F28F00DD9F82 /* distributedsocket.h */ = {isa = PBXFileReference; fileEncoding = 4; lastKnownFileType = sourcecode.c.h; name = distributedsocket.h; path = museekd/distributedsocket.h; sourceTree = "<group>"; };
		A76D2B3710D8F28F00DD9F82 /* downloadmanager.cpp */ = {isa = PBXFileReference; fileEncoding = 4; lastKnownFileType = sourcecode.cpp.cpp; name = downloadmanager.cpp; path = museekd/downloadmanager.cpp; sourceTree = "<group>"; };
		A76D2B3810D8F28F00DD9F82 /* downloadmanager.h */ = {isa = PBXFileReference; fileEncoding = 4; lastKnownFileType = sourcecode.c.h; name = downloadmanager.h; path = museekd/downloadmanager.h; sourceTree = "<group>"; };
		A76D2B3910D8F28F00DD9F82 /* downloadsocket.cpp */ = {isa = PBXFileReference; fileEncoding = 4; lastKnownFileType = sourcecode.cpp.cpp; name = downloadsocket.cpp; path = museekd/downloadsocket.cpp; sourceTree = "<group>"; };
		A76D2B3A10D8F28F00DD9F82 /* downloadsocket.h */ = {isa = PBXFileReference; fileEncoding = 4; lastKnownFileType = sourcecode.c.h; name = downloadsocket.h; path = museekd/downloadsocket.h; sourceTree = "<group>"; };
		A76D2B3B10D8F28F00DD9F82 /* handshakemessages.h */ = {isa = PBXFileReference; fileEncoding = 4; lastKnownFileType = sourcecode.c.h; name = handshakemessages.h; path = museekd/handshakemessages.h; sourceTree = "<group>"; };
		A76D2B3C10D8F28F00DD9F82 /* handshakesocket.cpp */ = {isa = PBXFileReference; fileEncoding = 4; lastKnownFileType = sourcecode.cpp.cpp; name = handshakesocket.cpp; path = museekd/handshakesocket.cpp; sourceTree = "<group>"; };
		A76D2B3D10D8F28F00DD9F82 /* handshakesocket.h */ = {isa = PBXFileReference; fileEncoding = 4; lastKnownFileType = sourcecode.c.h; name = handshakesocket.h; path = museekd/handshakesocket.h; sourceTree = "<group>"; };
		A76D2B3E10D8F28F00DD9F82 /* ifaceeventtable.h */ = {isa = PBXFileReference; fileEncoding = 4; lastKnownFileType = sourcecode.c.h; name = ifaceeventtable.h; path = museekd/ifaceeventtable.h; sourceTree = "<group>"; };
		A76D2B3F10D8F28F00DD9F82 /* ifacemanager.cpp */ = {isa = PBXFileReference; fileEncoding = 4; lastKnownFileType = sourcecode.cpp.cpp; name = ifacemanager.cpp; path = museekd/ifacemanager.cpp; sourceTree = "<group>"; };
		A76D2B4010D8F28F00DD9F82 /* ifacemanager.h */ = {isa = PBXFileReference; fileEncoding = 4; lastKnownFileType = sourcecode.c.h; name = ifacemanager.h; path = museekd/ifacemanager.h; sourceTree = "<group>"; };
		A76D2B4110D8F28F00DD9F82 /* ifacemessages.h */ = {isa = PBXFileReference; fileEncoding = 4; lastKnownFileType = sourcecode.c.h; name = ifacemessages.h; path = museekd/ifacemessages.h; sourceTree = "<group>"; };
		A76D2B4210D8F28F00DD9F82 /* ifacesocket.cpp */ = {isa = PBXFileReference; fileEncoding = 4; lastKnownFileType = sourcecode.cpp.cpp; name = ifacesocket.cpp; path = museekd/ifacesocket.cpp; sourceTree = "<group>"; };
		A76D2B4310D8F28F00DD9F82 /* ifacesocket.h */ = {isa = PBXFileReference; fileEncoding = 4; lastKnownFileType = sourcecode.c.h; name = ifacesocket.h; path = museekd/ifacesocket.h; sourceTree = "<group>"; };
		A76D2B4410D8F28F00DD9F82 /* main.cpp */ = {isa = PBXFileReference; fileEncoding = 4; lastKnownFileType = sourcecode.cpp.cpp; name = main.cpp; path = museekd/main.cpp; sourceTree = "<group>"; };
		A76D2B4510D8F28F00DD9F82 /* messageprocessor.cpp */ = {isa = PBXFileReference; fileEncoding = 4; lastKnownFileType = sourcecode.cpp.cpp; name = messageprocessor.cpp; path = museekd/messageprocessor.cpp; sourceTree = "<group>"; };
		A76D2B4610D8F28F00DD9F82 /* messageprocessor.h */ = {isa = PBXFileReference; fileEncoding = 4; lastKnownFileType = sourcecode.c.h; name = messageprocessor.h; path = museekd/messageprocessor.h; sourceTree = "<group>"; };
		A76D2B4710D8F28F00DD9F82 /* museekd.cpp */ = {isa = PBXFileReference; fileEncoding = 4; lastKnownFileType = sourcecode.cpp.cpp; name = museekd.cpp; path = museekd/museekd.cpp; sourceTree = "<group>"; };
		A76D2B4810D8F28F00DD9F82 /* museekd.h */ = {isa = PBXFileReference; fileEncoding = 4; lastKnownFileType = sourcecode.c.h; name = museekd.h; path = museekd/museekd.h; sourceTree = "<group>"; };
		A76D2B4910D8F28F00DD9F82 /* mutypes.h */ = {isa = PBXFileReference; fileEncoding = 4; lastKnownFileType = sourcecode.c.h; name = mutypes.h; path = museekd/mutypes.h; sourceTree = "<group>"; };
		A76D2B4A10D8F28F00DD9F82 /* networkmessage.cpp */ = {isa = PBXFileReference; fileEncoding = 4; lastKnownFileType = sourcecode.cpp.cpp; name = networkmessage.cpp; path = museekd/networkmessage.cpp; sourceTree = "<group>"; };
		A76D2B4B10D8F28F00DD9F82 /* networkmessage.h */ = {isa = PBXFileReference; fileEncoding = 4; lastKnownFileType = sourcecode.c.h; name = networkmessage.h; path = museekd/networkmessage.h; sourceTree = "<group>"; };
		A76D2B4C10D8F28F00DD9F82 /* peereventtable.h */ = {isa = PBXFileReference; fileEncoding = 4; lastKnownFileType = sourcecode.c.h; name = peereventtable.h; path = museekd/peereventtable.h; sourceTree = "<group>"; };
		A76D2B4D10D8F28F00DD9F82 /* peermanager.cpp */ = {isa = PBXFileReference; fileEncoding = 4; lastKnownFileType = sourcecode.cpp.cpp; name = peermanager.cpp; path = museekd/peermanager.cpp; sourceTree = "<group>"; };
		A76D2B4E10D8F28F00DD9F82 /* peermanager.h */ = {isa = PBXFileReference; fileEncoding = 4; lastKnownFileType = sourcecode.c.h; name = peermanager.h; path = museekd/peermanager.h; sourceTree = "<group>"; };
		A76D2B4F10D8F28F00DD9F82 /* peermessages.h */ = {isa = PBXFileReference; fileEncoding = 4; lastKnownFileType = sourcecode.c.h; name = peermessages.h; path = museekd/peermessages.h; sourceTree = "<group>"; };
		A76D2B5010D8F28F00DD9F82 /* peersocket.cpp */ = {isa = PBXFileReference; fileEncoding = 4; lastKnownFileType = sourcecode.cpp.cpp; name = peersocket.cpp; path = museekd/peersocket.cpp; sourceTree = "<group>"; };
		A76D2B5110D8F28F00DD9F82 /* peersocket.h */ = {isa = PBXFileReference; fileEncoding = 4; lastKnownFileType = sourcecode.c.h; name = peersocket.h; path = museekd/peersocket.h; sourceTree = "<group>"; };
		A76D2B5210D8F28F00DD9F82 /* searchmanager.cpp */ = {isa = PBXFileReference; fileEncoding = 4; lastKnownFileType = sourcecode.cpp.cpp; name = searchmanager.cpp; path = museekd/searchmanager.cpp; sourceTree = "<group>"; };
		A76D2B5310D8F28F00DD9F82 /* searchmanager.h */ = {isa = PBXFileReference; fileEncoding = 4; lastKnownFileType = sourcecode.c.h; name = searchmanager.h; path = museekd/searchmanager.h; sourceTree = "<group>"; };
		A76D2B5410D8F28F00DD9F82 /* servereventtable.h */ = {isa = PBXFileReference; fileEncoding = 4; lastKnownFileType = sourcecode.c.h; name = servereventtable.h; path = museekd/servereventtable.h; sourceTree = "<group>"; };
		A76D2B5510D8F28F00DD9F82 /* servermanager.cpp */ = {isa = PBXFileReference; fileEncoding = 4; lastKnownFileType = sourcecode.cpp.cpp; name = servermanager.cpp; path = museekd/servermanager.cpp; sourceTree = "<group>"; };
		A76D2B5610D8F28F00DD9F82 /* servermanager.h */ = {isa = PBXFileReference; fileEncoding = 4; lastKnownFileType = sourcecode.c.h; name = servermanager.h; path = museekd/servermanager.h; sourceTree = "<group>"; };
		A76D2B5710D8F28F00DD9F82 /* servermessages.h */ = {isa = PBXFileReference; fileEncoding = 4; lastKnownFileType = sourcecode.c.h; name = servermessages.h; path = museekd/servermessages.h; sourceTree = "<group>"; };
		A76D2B5810D8F28F00DD9F82 /* sharesdatabase.cpp */ = {isa = PBXFileReference; fileEncoding = 4; lastKnownFileType = sourcecode.cpp.cpp; name = sharesdatabase.cpp; path = museekd/sharesdatabase.cpp; sourceTree = "<group>"; };
		A76D2B5910D8F28F00DD9F82 /* sharesdatabase.h */ = {isa = PBXFileReference; fileEncoding = 4; lastKnownFileType = sourcecode.c.h; name = sharesdatabase.h; path = museekd/sharesdatabase.h; sourceTree = "<group>"; };
		A76D2B5A10D8F28F00DD9F82 /* tcpmessagesocket.h */ = {isa = PBXFileReference; fileEncoding = 4; lastKnownFileType = sourcecode.c.h; name = tcpmessagesocket.h; path = museekd/tcpmessagesocket.h; sourceTree = "<group>"; };
		A76D2B5B10D8F28F00DD9F82 /* ticketsocket.cpp */ = {isa = PBXFileReference; fileEncoding = 4; lastKnownFileType = sourcecode.cpp.cpp; name = ticketsocket.cpp; path = museekd/ticketsocket.cpp; sourceTree = "<group>"; };
		A76D2B5C10D8F28F00DD9F82 /* ticketsocket.h */ = {isa = PBXFileReference; fileEncoding = 4; lastKnownFileType = sourcecode.c.h; name = ticketsocket.h; path = museekd/ticketsocket.h; sourceTree = "<group>"; };
		A76D2B5D10D8F28F00DD9F82 /* uploadmanager.cpp */ = {isa = PBXFileReference; fileEncoding = 4; lastKnownFileType = sourcecode.cpp.cpp; name = uploadmanager.cpp; path = museekd/uploadmanager.cpp; sourceTree = "<group>"; };
		A76D2B5E10D8F28F00DD9F82 /* uploadmanager.h */ = {isa = PBXFileReference; fileEncoding = 4; lastKnownFileType = sourcecode.c.h; name = uploadmanager.h; path = museekd/uploadmanager.h; sourceTree = "<group>"; };
		A76D2B5F10D8F28F00DD9F82 /* uploadsocket.cpp */ = {isa = PBXFileReference; fileEncoding = 4; lastKnownFileType = sourcecode.cpp.cpp; name = uploadsocket.cpp; path = museekd/uploadsocket.cpp; sourceTree = "<group>"; };
		A76D2B6010D8F28F00DD9F82 /* uploadsocket.h */ = {isa = PBXFileReference; fileEncoding = 4; lastKnownFileType = sourcecode.c.h; name = uploadsocket.h; path = museekd/uploadsocket.h; sourceTree = "<group>"; };
		A76D2B6110D8F28F00DD9F82 /* usersocket.cpp */ = {isa = PBXFileReference; fileEncoding = 4; lastKnownFileType = sourcecode.cpp.cpp; name = usersocket.cpp; path = museekd/usersocket.cpp; sourceTree = "<group>"; };
		A76D2B6210D8F28F00DD9F82 /* usersocket.h */ = {isa = PBXFileReference; fileEncoding = 4; lastKnownFileType = sourcecode.c.h; name = usersocket.h; path = museekd/usersocket.h; sourceTree = "<group>"; };
		A76D2B6310D8F28F00DD9F82 /* util.h */ = {isa = PBXFileReference; fileEncoding = 4; lastKnownFileType = sourcecode.c.h; name = util.h; path = museekd/util.h; sourceTree = "<group>"; };
		A76D2B7B10D8F46200DD9F82 /* libxml2.dylib */ = {isa = PBXFileReference; lastKnownFileType = "compiled.mach-o.dylib"; name = libxml2.dylib; path = usr/lib/libxml2.dylib; sourceTree = SDKROOT; };
		A76D2B8C10D8F8B800DD9F82 /* libiconv.dylib */ = {isa = PBXFileReference; lastKnownFileType = "compiled.mach-o.dylib"; name = libiconv.dylib; path = usr/lib/libiconv.dylib; sourceTree = SDKROOT; };
		A76D2B9010D8F8DC00DD9F82 /* libz.dylib */ = {isa = PBXFileReference; lastKnownFileType = "compiled.mach-o.dylib"; name = libz.dylib; path = usr/lib/libz.dylib; sourceTree = SDKROOT; };
		A7CF25A410DFD5250015238F /* Codec.cc */ = {isa = PBXFileReference; fileEncoding = 4; lastKnownFileType = sourcecode.cpp.cpp; name = Codec.cc; path = Muhelp/Codec.cc; sourceTree = "<group>"; };
		A7CF25A510DFD5250015238F /* Codec.hh */ = {isa = PBXFileReference; fileEncoding = 4; lastKnownFileType = sourcecode.cpp.h; name = Codec.hh; path = Muhelp/Codec.hh; sourceTree = "<group>"; };
		A7CF25A610DFD5250015238F /* DirEntry.cc */ = {isa = PBXFileReference; fileEncoding = 4; lastKnownFileType = sourcecode.cpp.cpp; name = DirEntry.cc; path = Muhelp/DirEntry.cc; sourceTree = "<group>"; };
		A7CF25A710DFD5250015238F /* DirEntry.hh */ = {isa = PBXFileReference; fileEncoding = 4; lastKnownFileType = sourcecode.cpp.h; name = DirEntry.hh; path = Muhelp/DirEntry.hh; sourceTree = "<group>"; };
		A7CF25A810DFD5250015238F /* Muconf.cc */ = {isa = PBXFileReference; fileEncoding = 4; lastKnownFileType = sourcecode.cpp.cpp; name = Muconf.cc; path = Muhelp/Muconf.cc; sourceTree = "<group>"; };
		A7CF25A910DFD5250015238F /* Muconf.hh */ = {isa = PBXFileReference; fileEncoding = 4; lastKnownFileType = sourcecode.cpp.h; name = Muconf.hh; path = Muhelp/Muconf.hh; sourceTree = "<group>"; };
		A7CF25AA10DFD5250015238F /* string_ext.hh */ = {isa = PBXFileReference; fileEncoding = 4; lastKnownFileType = sourcecode.cpp.h; name = string_ext.hh; path = Muhelp/string_ext.hh; sourceTree = "<group>"; };
		A7D595E410D849D000769CC4 /* aes.cpp */ = {isa = PBXFileReference; fileEncoding = 4; lastKnownFileType = sourcecode.cpp.cpp; path = aes.cpp; sourceTree = "<group>"; };
		A7D595E510D849D000769CC4 /* hexdigest.cpp */ = {isa = PBXFileReference; fileEncoding = 4; lastKnownFileType = sourcecode.cpp.cpp; path = hexdigest.cpp; sourceTree = "<group>"; };
		A7D595E610D849D000769CC4 /* md5.cpp */ = {isa = PBXFileReference; fileEncoding = 4; lastKnownFileType = sourcecode.cpp.cpp; path = md5.cpp; sourceTree = "<group>"; };
		A7D595E710D849D000769CC4 /* mucipher.h */ = {isa = PBXFileReference; fileEncoding = 4; lastKnownFileType = sourcecode.c.h; path = mucipher.h; sourceTree = "<group>"; };
		A7D595E810D849D000769CC4 /* sha.cpp */ = {isa = PBXFileReference; fileEncoding = 4; lastKnownFileType = sourcecode.cpp.cpp; path = sha.cpp; sourceTree = "<group>"; };
		A7D595E910D849D000769CC4 /* sha.h */ = {isa = PBXFileReference; fileEncoding = 4; lastKnownFileType = sourcecode.c.h; path = sha.h; sourceTree = "<group>"; };
		A7D595EA10D849D000769CC4 /* sha256.cpp */ = {isa = PBXFileReference; fileEncoding = 4; lastKnownFileType = sourcecode.cpp.cpp; path = sha256.cpp; sourceTree = "<group>"; };
		A7D595EB10D849D000769CC4 /* system.h */ = {isa = PBXFileReference; fileEncoding = 4; lastKnownFileType = sourcecode.c.h; path = system.h; sourceTree = "<group>"; };
		A7D595EC10D849D000769CC4 /* wraphelp.cpp */ = {isa = PBXFileReference; fileEncoding = 4; lastKnownFileType = sourcecode.cpp.cpp; path = wraphelp.cpp; sourceTree = "<group>"; };
		DDA6DDF5144CCB960014C356 /* libXMLFramework.xcodeproj */ = {isa = PBXFileReference; lastKnownFileType = "wrapper.pb-project"; name = libXMLFramework.xcodeproj; path = ../libXMLFramework/libXMLFramework.xcodeproj; sourceTree = "<group>"; };
		DDA6DDFB144CCBA20014C356 /* libevent.xcodeproj */ = {isa = PBXFileReference; lastKnownFileType = "wrapper.pb-project"; name = libevent.xcodeproj; path = ../libevent/libevent.xcodeproj; sourceTree = "<group>"; };
/* End PBXFileReference section */

/* Begin PBXFrameworksBuildPhase section */
		8DD76F660486A84900D96B5E /* Frameworks */ = {
			isa = PBXFrameworksBuildPhase;
			buildActionMask = 2147483647;
			files = (
				DDA6DE06144CCC1E0014C356 /* libevent.framework in Frameworks */,
				DDA6DE07144CCC1E0014C356 /* libXMLFramework.framework in Frameworks */,
				A76D2B7C10D8F46200DD9F82 /* libxml2.dylib in Frameworks */,
				A76D2B8D10D8F8B800DD9F82 /* libiconv.dylib in Frameworks */,
				A76D2B9110D8F8DC00DD9F82 /* libz.dylib in Frameworks */,
			);
			runOnlyForDeploymentPostprocessing = 0;
		};
/* End PBXFrameworksBuildPhase section */

/* Begin PBXGroup section */
		08FB7794FE84155DC02AAC07 /* museek */ = {
			isa = PBXGroup;
			children = (
				DDA6DDFB144CCBA20014C356 /* libevent.xcodeproj */,
				DDA6DDF5144CCB960014C356 /* libXMLFramework.xcodeproj */,
				08FB7795FE84155DC02AAC07 /* Source */,
				1AB674ADFE9D54B511CA2CBB /* Products */,
				A76D2B7B10D8F46200DD9F82 /* libxml2.dylib */,
				A76D2B8C10D8F8B800DD9F82 /* libiconv.dylib */,
				A76D2B9010D8F8DC00DD9F82 /* libz.dylib */,
			);
			name = museek;
			sourceTree = "<group>";
		};
		08FB7795FE84155DC02AAC07 /* Source */ = {
			isa = PBXGroup;
			children = (
				A76D2B2E10D8F27400DD9F82 /* Museekd */,
				A76D2AC710D8F19A00DD9F82 /* NewNet */,
				A76D2A8110D8EF0700DD9F82 /* Muhelp */,
				A7D595DD10D849D000769CC4 /* Mucipher */,
			);
			name = Source;
			sourceTree = "<group>";
		};
		1AB674ADFE9D54B511CA2CBB /* Products */ = {
			isa = PBXGroup;
			children = (
				8DD76F6C0486A84900D96B5E /* museek */,
			);
			name = Products;
			sourceTree = "<group>";
		};
		A76D2A8110D8EF0700DD9F82 /* Muhelp */ = {
			isa = PBXGroup;
			children = (
				A7CF25A410DFD5250015238F /* Codec.cc */,
				A7CF25A510DFD5250015238F /* Codec.hh */,
				A7CF25A610DFD5250015238F /* DirEntry.cc */,
				A7CF25A710DFD5250015238F /* DirEntry.hh */,
				A7CF25A810DFD5250015238F /* Muconf.cc */,
				A7CF25A910DFD5250015238F /* Muconf.hh */,
				A7CF25AA10DFD5250015238F /* string_ext.hh */,
			);
			name = Muhelp;
			sourceTree = "<group>";
		};
		A76D2AC710D8F19A00DD9F82 /* NewNet */ = {
			isa = PBXGroup;
			children = (
				A76D2AF910D8F22E00DD9F82 /* nnbaseptr.h */,
				A76D2AFA10D8F22E00DD9F82 /* nnbuffer.cpp */,
				A76D2AFB10D8F22E00DD9F82 /* nnbuffer.h */,
				A76D2AFC10D8F22E00DD9F82 /* nnclientsocket.cpp */,
				A76D2AFD10D8F22E00DD9F82 /* nnclientsocket.h */,
				A76D2AFE10D8F22E00DD9F82 /* nnevent.h */,
				A76D2AFF10D8F22E00DD9F82 /* nnfactorysocket.h */,
				A76D2B0010D8F22E00DD9F82 /* nnguardobject.h */,
				A76D2B0110D8F22E00DD9F82 /* nnlog.cpp */,
				A76D2B0210D8F22E00DD9F82 /* nnlog.h */,
				A76D2B0310D8F22E00DD9F82 /* nnobject.h */,
				A76D2B0410D8F22E00DD9F82 /* nnpath.cpp */,
				A76D2B0510D8F22E00DD9F82 /* nnpath.h */,
				A76D2B0610D8F22E00DD9F82 /* nnratelimiter.cpp */,
				A76D2B0710D8F22E00DD9F82 /* nnratelimiter.h */,
				A76D2B0810D8F22E00DD9F82 /* nnreactor.cpp */,
				A76D2B0910D8F22E00DD9F82 /* nnreactor.h */,
				A76D2B0A10D8F22E00DD9F82 /* nnrefcounter.h */,
				A76D2B0B10D8F22E00DD9F82 /* nnrefptr.h */,
				A76D2B0C10D8F22E00DD9F82 /* nnserversocket.cpp */,
				A76D2B0D10D8F22E00DD9F82 /* nnserversocket.h */,
				A76D2B0E10D8F22E00DD9F82 /* nnsocket.h */,
				A76D2B0F10D8F22E00DD9F82 /* nntcpclientsocket.cpp */,
				A76D2B1010D8F22E00DD9F82 /* nntcpclientsocket.h */,
				A76D2B1110D8F22E00DD9F82 /* nntcpfactorysocket.h */,
				A76D2B1210D8F22E00DD9F82 /* nntcpserversocket.cpp */,
				A76D2B1310D8F22E00DD9F82 /* nntcpserversocket.h */,
				A76D2B1410D8F22E00DD9F82 /* nnunixclientsocket.cpp */,
				A76D2B1510D8F22E00DD9F82 /* nnunixclientsocket.h */,
				A76D2B1610D8F22E00DD9F82 /* nnunixfactorysocket.h */,
				A76D2B1710D8F22E00DD9F82 /* nnunixserversocket.cpp */,
				A76D2B1810D8F22E00DD9F82 /* nnunixserversocket.h */,
				A76D2B1910D8F22E00DD9F82 /* nnweakrefptr.h */,
				A76D2B1A10D8F22E00DD9F82 /* platform.h */,
				A76D2B1B10D8F22E00DD9F82 /* util.h */,
			);
			name = NewNet;
			sourceTree = "<group>";
		};
		A76D2B2E10D8F27400DD9F82 /* Museekd */ = {
			isa = PBXGroup;
			children = (
				A76D2B2F10D8F28F00DD9F82 /* codesetmanager.cpp */,
				A76D2B3010D8F28F00DD9F82 /* codesetmanager.h */,
				A76D2B3110D8F28F00DD9F82 /* configmanager.cpp */,
				A76D2B3210D8F28F00DD9F82 /* configmanager.h */,
				A76D2B3310D8F28F00DD9F82 /* distributedeventtable.h */,
				A76D2B3410D8F28F00DD9F82 /* distributedmessages.h */,
				A76D2B3510D8F28F00DD9F82 /* distributedsocket.cpp */,
				A76D2B3610D8F28F00DD9F82 /* distributedsocket.h */,
				A76D2B3710D8F28F00DD9F82 /* downloadmanager.cpp */,
				A76D2B3810D8F28F00DD9F82 /* downloadmanager.h */,
				A76D2B3910D8F28F00DD9F82 /* downloadsocket.cpp */,
				A76D2B3A10D8F28F00DD9F82 /* downloadsocket.h */,
				A76D2B3B10D8F28F00DD9F82 /* handshakemessages.h */,
				A76D2B3C10D8F28F00DD9F82 /* handshakesocket.cpp */,
				A76D2B3D10D8F28F00DD9F82 /* handshakesocket.h */,
				A76D2B3E10D8F28F00DD9F82 /* ifaceeventtable.h */,
				A76D2B3F10D8F28F00DD9F82 /* ifacemanager.cpp */,
				A76D2B4010D8F28F00DD9F82 /* ifacemanager.h */,
				A76D2B4110D8F28F00DD9F82 /* ifacemessages.h */,
				A76D2B4210D8F28F00DD9F82 /* ifacesocket.cpp */,
				A76D2B4310D8F28F00DD9F82 /* ifacesocket.h */,
				A76D2B4410D8F28F00DD9F82 /* main.cpp */,
				A76D2B4510D8F28F00DD9F82 /* messageprocessor.cpp */,
				A76D2B4610D8F28F00DD9F82 /* messageprocessor.h */,
				A76D2B4710D8F28F00DD9F82 /* museekd.cpp */,
				A76D2B4810D8F28F00DD9F82 /* museekd.h */,
				A76D2B4910D8F28F00DD9F82 /* mutypes.h */,
				A76D2B4A10D8F28F00DD9F82 /* networkmessage.cpp */,
				A76D2B4B10D8F28F00DD9F82 /* networkmessage.h */,
				A76D2B4C10D8F28F00DD9F82 /* peereventtable.h */,
				A76D2B4D10D8F28F00DD9F82 /* peermanager.cpp */,
				A76D2B4E10D8F28F00DD9F82 /* peermanager.h */,
				A76D2B4F10D8F28F00DD9F82 /* peermessages.h */,
				A76D2B5010D8F28F00DD9F82 /* peersocket.cpp */,
				A76D2B5110D8F28F00DD9F82 /* peersocket.h */,
				A76D2B5210D8F28F00DD9F82 /* searchmanager.cpp */,
				A76D2B5310D8F28F00DD9F82 /* searchmanager.h */,
				A76D2B5410D8F28F00DD9F82 /* servereventtable.h */,
				A76D2B5510D8F28F00DD9F82 /* servermanager.cpp */,
				A76D2B5610D8F28F00DD9F82 /* servermanager.h */,
				A76D2B5710D8F28F00DD9F82 /* servermessages.h */,
				A76D2B5810D8F28F00DD9F82 /* sharesdatabase.cpp */,
				A76D2B5910D8F28F00DD9F82 /* sharesdatabase.h */,
				A76D2B5A10D8F28F00DD9F82 /* tcpmessagesocket.h */,
				A76D2B5B10D8F28F00DD9F82 /* ticketsocket.cpp */,
				A76D2B5C10D8F28F00DD9F82 /* ticketsocket.h */,
				A76D2B5D10D8F28F00DD9F82 /* uploadmanager.cpp */,
				A76D2B5E10D8F28F00DD9F82 /* uploadmanager.h */,
				A76D2B5F10D8F28F00DD9F82 /* uploadsocket.cpp */,
				A76D2B6010D8F28F00DD9F82 /* uploadsocket.h */,
				A76D2B6110D8F28F00DD9F82 /* usersocket.cpp */,
				A76D2B6210D8F28F00DD9F82 /* usersocket.h */,
				A76D2B6310D8F28F00DD9F82 /* util.h */,
			);
			name = Museekd;
			sourceTree = "<group>";
		};
		A7D595DD10D849D000769CC4 /* Mucipher */ = {
			isa = PBXGroup;
			children = (
				A7D595E410D849D000769CC4 /* aes.cpp */,
				A7D595E510D849D000769CC4 /* hexdigest.cpp */,
				A7D595E610D849D000769CC4 /* md5.cpp */,
				A7D595E710D849D000769CC4 /* mucipher.h */,
				A7D595E810D849D000769CC4 /* sha.cpp */,
				A7D595E910D849D000769CC4 /* sha.h */,
				A7D595EA10D849D000769CC4 /* sha256.cpp */,
				A7D595EB10D849D000769CC4 /* system.h */,
				A7D595EC10D849D000769CC4 /* wraphelp.cpp */,
			);
			path = Mucipher;
			sourceTree = "<group>";
		};
		DDA6DDF6144CCB960014C356 /* Products */ = {
			isa = PBXGroup;
			children = (
				DDA6DDFA144CCB970014C356 /* libXMLFramework.framework */,
			);
			name = Products;
			sourceTree = "<group>";
		};
		DDA6DDFC144CCBA20014C356 /* Products */ = {
			isa = PBXGroup;
			children = (
				DDA6DE00144CCBA30014C356 /* libevent.framework */,
			);
			name = Products;
			sourceTree = "<group>";
		};
/* End PBXGroup section */

/* Begin PBXNativeTarget section */
		8DD76F620486A84900D96B5E /* museek */ = {
			isa = PBXNativeTarget;
			buildConfigurationList = 1DEB923108733DC60010E9CD /* Build configuration list for PBXNativeTarget "museek" */;
			buildPhases = (
				8DD76F640486A84900D96B5E /* Sources */,
				8DD76F660486A84900D96B5E /* Frameworks */,
				8DD76F690486A84900D96B5E /* CopyFiles */,
			);
			buildRules = (
			);
			dependencies = (
				DDA6DE03144CCC190014C356 /* PBXTargetDependency */,
				DDA6DE05144CCC190014C356 /* PBXTargetDependency */,
			);
			name = museek;
			productInstallPath = "$(HOME)/bin";
			productName = museek;
			productReference = 8DD76F6C0486A84900D96B5E /* museek */;
			productType = "com.apple.product-type.tool";
		};
/* End PBXNativeTarget section */

/* Begin PBXProject section */
		08FB7793FE84155DC02AAC07 /* Project object */ = {
			isa = PBXProject;
			buildConfigurationList = 1DEB923508733DC60010E9CD /* Build configuration list for PBXProject "museek" */;
			compatibilityVersion = "Xcode 3.2";
			developmentRegion = English;
			hasScannedForEncodings = 1;
			knownRegions = (
				English,
				Japanese,
				French,
				German,
			);
			mainGroup = 08FB7794FE84155DC02AAC07 /* museek */;
			projectDirPath = "";
			projectReferences = (
				{
					ProductGroup = DDA6DDFC144CCBA20014C356 /* Products */;
					ProjectRef = DDA6DDFB144CCBA20014C356 /* libevent.xcodeproj */;
				},
				{
					ProductGroup = DDA6DDF6144CCB960014C356 /* Products */;
					ProjectRef = DDA6DDF5144CCB960014C356 /* libXMLFramework.xcodeproj */;
				},
			);
			projectRoot = "";
			targets = (
				8DD76F620486A84900D96B5E /* museek */,
			);
		};
/* End PBXProject section */

/* Begin PBXReferenceProxy section */
		DDA6DDFA144CCB970014C356 /* libXMLFramework.framework */ = {
			isa = PBXReferenceProxy;
			fileType = wrapper.framework;
			path = libXMLFramework.framework;
			remoteRef = DDA6DDF9144CCB970014C356 /* PBXContainerItemProxy */;
			sourceTree = BUILT_PRODUCTS_DIR;
		};
		DDA6DE00144CCBA30014C356 /* libevent.framework */ = {
			isa = PBXReferenceProxy;
			fileType = wrapper.framework;
			path = libevent.framework;
			remoteRef = DDA6DDFF144CCBA30014C356 /* PBXContainerItemProxy */;
			sourceTree = BUILT_PRODUCTS_DIR;
		};
/* End PBXReferenceProxy section */

/* Begin PBXSourcesBuildPhase section */
		8DD76F640486A84900D96B5E /* Sources */ = {
			isa = PBXSourcesBuildPhase;
			buildActionMask = 2147483647;
			files = (
				A7D595EE10D849D000769CC4 /* aes.cpp in Sources */,
				A7D595EF10D849D000769CC4 /* hexdigest.cpp in Sources */,
				A7D595F010D849D000769CC4 /* md5.cpp in Sources */,
				A7D595F110D849D000769CC4 /* sha.cpp in Sources */,
				A7D595F210D849D000769CC4 /* sha256.cpp in Sources */,
				A7D595F310D849D000769CC4 /* wraphelp.cpp in Sources */,
				A76D2B1C10D8F22E00DD9F82 /* nnbuffer.cpp in Sources */,
				A76D2B1D10D8F22E00DD9F82 /* nnclientsocket.cpp in Sources */,
				A76D2B1E10D8F22E00DD9F82 /* nnlog.cpp in Sources */,
				A76D2B1F10D8F22E00DD9F82 /* nnpath.cpp in Sources */,
				A76D2B2010D8F22E00DD9F82 /* nnratelimiter.cpp in Sources */,
				A76D2B2110D8F22E00DD9F82 /* nnreactor.cpp in Sources */,
				A76D2B2210D8F22E00DD9F82 /* nnserversocket.cpp in Sources */,
				A76D2B2310D8F22E00DD9F82 /* nntcpclientsocket.cpp in Sources */,
				A76D2B2410D8F22E00DD9F82 /* nntcpserversocket.cpp in Sources */,
				A76D2B2510D8F22E00DD9F82 /* nnunixclientsocket.cpp in Sources */,
				A76D2B2610D8F22E00DD9F82 /* nnunixserversocket.cpp in Sources */,
				A76D2B6410D8F28F00DD9F82 /* codesetmanager.cpp in Sources */,
				A76D2B6510D8F28F00DD9F82 /* configmanager.cpp in Sources */,
				A76D2B6610D8F28F00DD9F82 /* distributedsocket.cpp in Sources */,
				A76D2B6710D8F28F00DD9F82 /* downloadmanager.cpp in Sources */,
				A76D2B6810D8F28F00DD9F82 /* downloadsocket.cpp in Sources */,
				A76D2B6910D8F28F00DD9F82 /* handshakesocket.cpp in Sources */,
				A76D2B6A10D8F28F00DD9F82 /* ifacemanager.cpp in Sources */,
				A76D2B6B10D8F28F00DD9F82 /* ifacesocket.cpp in Sources */,
				A76D2B6C10D8F28F00DD9F82 /* main.cpp in Sources */,
				A76D2B6D10D8F28F00DD9F82 /* messageprocessor.cpp in Sources */,
				A76D2B6E10D8F28F00DD9F82 /* museekd.cpp in Sources */,
				A76D2B6F10D8F28F00DD9F82 /* networkmessage.cpp in Sources */,
				A76D2B7010D8F28F00DD9F82 /* peermanager.cpp in Sources */,
				A76D2B7110D8F28F00DD9F82 /* peersocket.cpp in Sources */,
				A76D2B7210D8F28F00DD9F82 /* searchmanager.cpp in Sources */,
				A76D2B7310D8F28F00DD9F82 /* servermanager.cpp in Sources */,
				A76D2B7410D8F28F00DD9F82 /* sharesdatabase.cpp in Sources */,
				A76D2B7510D8F28F00DD9F82 /* ticketsocket.cpp in Sources */,
				A76D2B7610D8F28F00DD9F82 /* uploadmanager.cpp in Sources */,
				A76D2B7710D8F28F00DD9F82 /* uploadsocket.cpp in Sources */,
				A76D2B7810D8F28F00DD9F82 /* usersocket.cpp in Sources */,
				A7CF25AB10DFD5250015238F /* Codec.cc in Sources */,
				A7CF25AC10DFD5250015238F /* DirEntry.cc in Sources */,
				A7CF25AD10DFD5250015238F /* Muconf.cc in Sources */,
			);
			runOnlyForDeploymentPostprocessing = 0;
		};
/* End PBXSourcesBuildPhase section */

/* Begin PBXTargetDependency section */
		DDA6DE03144CCC190014C356 /* PBXTargetDependency */ = {
			isa = PBXTargetDependency;
			name = libevent;
			targetProxy = DDA6DE02144CCC190014C356 /* PBXContainerItemProxy */;
		};
		DDA6DE05144CCC190014C356 /* PBXTargetDependency */ = {
			isa = PBXTargetDependency;
			name = libXMLFramework;
			targetProxy = DDA6DE04144CCC190014C356 /* PBXContainerItemProxy */;
		};
/* End PBXTargetDependency section */

/* Begin XCBuildConfiguration section */
		1DEB923208733DC60010E9CD /* Debug */ = {
			isa = XCBuildConfiguration;
			buildSettings = {
			};
			name = Debug;
		};
		1DEB923308733DC60010E9CD /* Release */ = {
			isa = XCBuildConfiguration;
			buildSettings = {
			};
			name = Release;
		};
		1DEB923608733DC60010E9CD /* Debug */ = {
			isa = XCBuildConfiguration;
			buildSettings = {
				ARCHS = "$(ARCHS_STANDARD_64_BIT)";
				COPY_PHASE_STRIP = NO;
				GCC_C_LANGUAGE_STANDARD = gnu99;
				GCC_DYNAMIC_NO_PIC = NO;
				GCC_ENABLE_FIX_AND_CONTINUE = YES;
				GCC_ENABLE_SSE3_EXTENSIONS = YES;
				GCC_ENABLE_SSE41_EXTENSIONS = YES;
				GCC_ENABLE_SSE42_EXTENSIONS = YES;
				GCC_ENABLE_SUPPLEMENTAL_SSE3_INSTRUCTIONS = YES;
				GCC_OPTIMIZATION_LEVEL = 0;
				GCC_VERSION = com.apple.compilers.llvm.clang.1_0;
				GCC_WARN_ABOUT_RETURN_TYPE = YES;
				GCC_WARN_UNUSED_VARIABLE = YES;
				HEADER_SEARCH_PATHS = (
					"/usr/include/libxml2/**",
					"./**",
					"../libevent/**",
					"../libXMLFramework/**",
				);
				INSTALL_PATH = /usr/local/bin;
				LIBRARY_SEARCH_PATHS = "../libXMLFramework/**";
				ONLY_ACTIVE_ARCH = YES;
				PREBINDING = NO;
				PRODUCT_NAME = museek;
				SDKROOT = macosx10.6;
			};
			name = Debug;
		};
		1DEB923708733DC60010E9CD /* Release */ = {
			isa = XCBuildConfiguration;
			buildSettings = {
				ARCHS = "$(ARCHS_STANDARD_64_BIT)";
				GCC_C_LANGUAGE_STANDARD = gnu99;
				GCC_ENABLE_SSE3_EXTENSIONS = YES;
				GCC_ENABLE_SSE41_EXTENSIONS = YES;
				GCC_ENABLE_SSE42_EXTENSIONS = YES;
				GCC_ENABLE_SUPPLEMENTAL_SSE3_INSTRUCTIONS = YES;
				GCC_VERSION = com.apple.compilers.llvm.clang.1_0;
				GCC_WARN_ABOUT_RETURN_TYPE = YES;
				GCC_WARN_UNUSED_VARIABLE = YES;
				HEADER_SEARCH_PATHS = (
					"/usr/include/libxml2/**",
					"./**",
					"../libevent/**",
					"../libXMLFramework/**",
				);
				INSTALL_PATH = /usr/local/bin;
				PREBINDING = NO;
				PRODUCT_NAME = museek;
				SDKROOT = macosx10.6;
			};
			name = Release;
		};
/* End XCBuildConfiguration section */

/* Begin XCConfigurationList section */
		1DEB923108733DC60010E9CD /* Build configuration list for PBXNativeTarget "museek" */ = {
			isa = XCConfigurationList;
			buildConfigurations = (
				1DEB923208733DC60010E9CD /* Debug */,
				1DEB923308733DC60010E9CD /* Release */,
			);
			defaultConfigurationIsVisible = 0;
			defaultConfigurationName = Release;
		};
		1DEB923508733DC60010E9CD /* Build configuration list for PBXProject "museek" */ = {
			isa = XCConfigurationList;
			buildConfigurations = (
				1DEB923608733DC60010E9CD /* Debug */,
				1DEB923708733DC60010E9CD /* Release */,
			);
			defaultConfigurationIsVisible = 0;
			defaultConfigurationName = Release;
		};
/* End XCConfigurationList section */
	};
	rootObject = 08FB7793FE84155DC02AAC07 /* Project object */;
}
