// !$*UTF8*$!
{
	archiveVersion = 1;
	classes = {
	};
	objectVersion = 45;
	objects = {

/* Begin PBXBuildFile section */
		8DC2EF530486A6940098B216 /* InfoPlist.strings in Resources */ = {isa = PBXBuildFile; fileRef = 089C1666FE841158C02AAC07 /* InfoPlist.strings */; };
		8DC2EF570486A6940098B216 /* Cocoa.framework in Frameworks */ = {isa = PBXBuildFile; fileRef = 1058C7B1FEA5585E11CA2CBB /* Cocoa.framework */; };
		A76D29A310D8E8A600DD9F82 /* buffer.c in Sources */ = {isa = PBXBuildFile; fileRef = A76D299610D8E8A600DD9F82 /* buffer.c */; };
		A76D29A410D8E8A600DD9F82 /* evbuffer.c in Sources */ = {isa = PBXBuildFile; fileRef = A76D299710D8E8A600DD9F82 /* evbuffer.c */; };
		A76D29A510D8E8A600DD9F82 /* event.c in Sources */ = {isa = PBXBuildFile; fileRef = A76D299810D8E8A600DD9F82 /* event.c */; };
		A76D29A610D8E8A600DD9F82 /* event.h in Headers */ = {isa = PBXBuildFile; fileRef = A76D299910D8E8A600DD9F82 /* event.h */; };
		A76D29A710D8E8A600DD9F82 /* evhttp.h in Headers */ = {isa = PBXBuildFile; fileRef = A76D299A10D8E8A600DD9F82 /* evhttp.h */; };
		A76D29A810D8E8A600DD9F82 /* evutil.c in Sources */ = {isa = PBXBuildFile; fileRef = A76D299B10D8E8A600DD9F82 /* evutil.c */; };
		A76D29A910D8E8A600DD9F82 /* evutil.h in Headers */ = {isa = PBXBuildFile; fileRef = A76D299C10D8E8A600DD9F82 /* evutil.h */; };
		A76D29AA10D8E8A600DD9F82 /* http.c in Sources */ = {isa = PBXBuildFile; fileRef = A76D299D10D8E8A600DD9F82 /* http.c */; };
		A76D29AB10D8E8A600DD9F82 /* kqueue.c in Sources */ = {isa = PBXBuildFile; fileRef = A76D299E10D8E8A600DD9F82 /* kqueue.c */; };
		A76D29AC10D8E8A600DD9F82 /* log.c in Sources */ = {isa = PBXBuildFile; fileRef = A76D299F10D8E8A600DD9F82 /* log.c */; };
		A76D29AD10D8E8A600DD9F82 /* poll.c in Sources */ = {isa = PBXBuildFile; fileRef = A76D29A010D8E8A600DD9F82 /* poll.c */; };
		A76D29AE10D8E8A600DD9F82 /* select.c in Sources */ = {isa = PBXBuildFile; fileRef = A76D29A110D8E8A600DD9F82 /* select.c */; };
		A76D29AF10D8E8A600DD9F82 /* signal.c in Sources */ = {isa = PBXBuildFile; fileRef = A76D29A210D8E8A600DD9F82 /* signal.c */; };
		A76D29B810D8E92500DD9F82 /* config.h in Headers */ = {isa = PBXBuildFile; fileRef = A76D29B610D8E92500DD9F82 /* config.h */; };
		A76D29B910D8E92500DD9F82 /* event-config.h in Headers */ = {isa = PBXBuildFile; fileRef = A76D29B710D8E92500DD9F82 /* event-config.h */; };
/* End PBXBuildFile section */

/* Begin PBXFileReference section */
		0867D69BFE84028FC02AAC07 /* Foundation.framework */ = {isa = PBXFileReference; lastKnownFileType = wrapper.framework; name = Foundation.framework; path = /System/Library/Frameworks/Foundation.framework; sourceTree = "<absolute>"; };
		0867D6A5FE840307C02AAC07 /* AppKit.framework */ = {isa = PBXFileReference; lastKnownFileType = wrapper.framework; name = AppKit.framework; path = /System/Library/Frameworks/AppKit.framework; sourceTree = "<absolute>"; };
		089C1667FE841158C02AAC07 /* English */ = {isa = PBXFileReference; fileEncoding = 4; lastKnownFileType = text.plist.strings; name = English; path = English.lproj/InfoPlist.strings; sourceTree = "<group>"; };
		1058C7B1FEA5585E11CA2CBB /* Cocoa.framework */ = {isa = PBXFileReference; lastKnownFileType = wrapper.framework; name = Cocoa.framework; path = /System/Library/Frameworks/Cocoa.framework; sourceTree = "<absolute>"; };
		32DBCF5E0370ADEE00C91783 /* libevent_Prefix.pch */ = {isa = PBXFileReference; fileEncoding = 4; lastKnownFileType = sourcecode.c.h; path = libevent_Prefix.pch; sourceTree = "<group>"; };
		8DC2EF5A0486A6940098B216 /* Info.plist */ = {isa = PBXFileReference; fileEncoding = 4; lastKnownFileType = text.plist.xml; path = Info.plist; sourceTree = "<group>"; };
		8DC2EF5B0486A6940098B216 /* libevent.framework */ = {isa = PBXFileReference; explicitFileType = wrapper.framework; includeInIndex = 0; path = libevent.framework; sourceTree = BUILT_PRODUCTS_DIR; };
		A76D299610D8E8A600DD9F82 /* buffer.c */ = {isa = PBXFileReference; fileEncoding = 4; lastKnownFileType = sourcecode.c.c; path = buffer.c; sourceTree = "<group>"; };
		A76D299710D8E8A600DD9F82 /* evbuffer.c */ = {isa = PBXFileReference; fileEncoding = 4; lastKnownFileType = sourcecode.c.c; path = evbuffer.c; sourceTree = "<group>"; };
		A76D299810D8E8A600DD9F82 /* event.c */ = {isa = PBXFileReference; fileEncoding = 4; lastKnownFileType = sourcecode.c.c; path = event.c; sourceTree = "<group>"; };
		A76D299910D8E8A600DD9F82 /* event.h */ = {isa = PBXFileReference; fileEncoding = 4; lastKnownFileType = sourcecode.c.h; path = event.h; sourceTree = "<group>"; };
		A76D299A10D8E8A600DD9F82 /* evhttp.h */ = {isa = PBXFileReference; fileEncoding = 4; lastKnownFileType = sourcecode.c.h; path = evhttp.h; sourceTree = "<group>"; };
		A76D299B10D8E8A600DD9F82 /* evutil.c */ = {isa = PBXFileReference; fileEncoding = 4; lastKnownFileType = sourcecode.c.c; path = evutil.c; sourceTree = "<group>"; };
		A76D299C10D8E8A600DD9F82 /* evutil.h */ = {isa = PBXFileReference; fileEncoding = 4; lastKnownFileType = sourcecode.c.h; path = evutil.h; sourceTree = "<group>"; };
		A76D299D10D8E8A600DD9F82 /* http.c */ = {isa = PBXFileReference; fileEncoding = 4; lastKnownFileType = sourcecode.c.c; path = http.c; sourceTree = "<group>"; };
		A76D299E10D8E8A600DD9F82 /* kqueue.c */ = {isa = PBXFileReference; fileEncoding = 4; lastKnownFileType = sourcecode.c.c; path = kqueue.c; sourceTree = "<group>"; };
		A76D299F10D8E8A600DD9F82 /* log.c */ = {isa = PBXFileReference; fileEncoding = 4; lastKnownFileType = sourcecode.c.c; path = log.c; sourceTree = "<group>"; };
		A76D29A010D8E8A600DD9F82 /* poll.c */ = {isa = PBXFileReference; fileEncoding = 4; lastKnownFileType = sourcecode.c.c; path = poll.c; sourceTree = "<group>"; };
		A76D29A110D8E8A600DD9F82 /* select.c */ = {isa = PBXFileReference; fileEncoding = 4; lastKnownFileType = sourcecode.c.c; path = select.c; sourceTree = "<group>"; };
		A76D29A210D8E8A600DD9F82 /* signal.c */ = {isa = PBXFileReference; fileEncoding = 4; lastKnownFileType = sourcecode.c.c; path = signal.c; sourceTree = "<group>"; };
		A76D29B610D8E92500DD9F82 /* config.h */ = {isa = PBXFileReference; fileEncoding = 4; lastKnownFileType = sourcecode.c.h; path = config.h; sourceTree = "<group>"; };
		A76D29B710D8E92500DD9F82 /* event-config.h */ = {isa = PBXFileReference; fileEncoding = 4; lastKnownFileType = sourcecode.c.h; path = "event-config.h"; sourceTree = "<group>"; };
		D2F7E79907B2D74100F64583 /* CoreData.framework */ = {isa = PBXFileReference; lastKnownFileType = wrapper.framework; name = CoreData.framework; path = /System/Library/Frameworks/CoreData.framework; sourceTree = "<absolute>"; };
/* End PBXFileReference section */

/* Begin PBXFrameworksBuildPhase section */
		8DC2EF560486A6940098B216 /* Frameworks */ = {
			isa = PBXFrameworksBuildPhase;
			buildActionMask = 2147483647;
			files = (
				8DC2EF570486A6940098B216 /* Cocoa.framework in Frameworks */,
			);
			runOnlyForDeploymentPostprocessing = 0;
		};
/* End PBXFrameworksBuildPhase section */

/* Begin PBXGroup section */
		034768DFFF38A50411DB9C8B /* Products */ = {
			isa = PBXGroup;
			children = (
				8DC2EF5B0486A6940098B216 /* libevent.framework */,
			);
			name = Products;
			sourceTree = "<group>";
		};
		0867D691FE84028FC02AAC07 /* libevent */ = {
			isa = PBXGroup;
			children = (
				08FB77AEFE84172EC02AAC07 /* Classes */,
				32C88DFF0371C24200C91783 /* Other Sources */,
				089C1665FE841158C02AAC07 /* Resources */,
				0867D69AFE84028FC02AAC07 /* External Frameworks and Libraries */,
				034768DFFF38A50411DB9C8B /* Products */,
			);
			name = libevent;
			sourceTree = "<group>";
		};
		0867D69AFE84028FC02AAC07 /* External Frameworks and Libraries */ = {
			isa = PBXGroup;
			children = (
				1058C7B0FEA5585E11CA2CBB /* Linked Frameworks */,
				1058C7B2FEA5585E11CA2CBB /* Other Frameworks */,
			);
			name = "External Frameworks and Libraries";
			sourceTree = "<group>";
		};
		089C1665FE841158C02AAC07 /* Resources */ = {
			isa = PBXGroup;
			children = (
				8DC2EF5A0486A6940098B216 /* Info.plist */,
				089C1666FE841158C02AAC07 /* InfoPlist.strings */,
			);
			name = Resources;
			sourceTree = "<group>";
		};
		08FB77AEFE84172EC02AAC07 /* Classes */ = {
			isa = PBXGroup;
			children = (
				A76D29B610D8E92500DD9F82 /* config.h */,
				A76D29B710D8E92500DD9F82 /* event-config.h */,
				A76D299910D8E8A600DD9F82 /* event.h */,
				A76D299A10D8E8A600DD9F82 /* evhttp.h */,
				A76D299C10D8E8A600DD9F82 /* evutil.h */,
				A76D299610D8E8A600DD9F82 /* buffer.c */,
				A76D299710D8E8A600DD9F82 /* evbuffer.c */,
				A76D299810D8E8A600DD9F82 /* event.c */,
				A76D299B10D8E8A600DD9F82 /* evutil.c */,
				A76D299D10D8E8A600DD9F82 /* http.c */,
				A76D299E10D8E8A600DD9F82 /* kqueue.c */,
				A76D299F10D8E8A600DD9F82 /* log.c */,
				A76D29A010D8E8A600DD9F82 /* poll.c */,
				A76D29A110D8E8A600DD9F82 /* select.c */,
				A76D29A210D8E8A600DD9F82 /* signal.c */,
			);
			name = Classes;
			sourceTree = "<group>";
		};
		1058C7B0FEA5585E11CA2CBB /* Linked Frameworks */ = {
			isa = PBXGroup;
			children = (
				1058C7B1FEA5585E11CA2CBB /* Cocoa.framework */,
			);
			name = "Linked Frameworks";
			sourceTree = "<group>";
		};
		1058C7B2FEA5585E11CA2CBB /* Other Frameworks */ = {
			isa = PBXGroup;
			children = (
				0867D6A5FE840307C02AAC07 /* AppKit.framework */,
				D2F7E79907B2D74100F64583 /* CoreData.framework */,
				0867D69BFE84028FC02AAC07 /* Foundation.framework */,
			);
			name = "Other Frameworks";
			sourceTree = "<group>";
		};
		32C88DFF0371C24200C91783 /* Other Sources */ = {
			isa = PBXGroup;
			children = (
				32DBCF5E0370ADEE00C91783 /* libevent_Prefix.pch */,
			);
			name = "Other Sources";
			sourceTree = "<group>";
		};
/* End PBXGroup section */

/* Begin PBXHeadersBuildPhase section */
		8DC2EF500486A6940098B216 /* Headers */ = {
			isa = PBXHeadersBuildPhase;
			buildActionMask = 2147483647;
			files = (
				A76D29A610D8E8A600DD9F82 /* event.h in Headers */,
				A76D29A710D8E8A600DD9F82 /* evhttp.h in Headers */,
				A76D29A910D8E8A600DD9F82 /* evutil.h in Headers */,
				A76D29B810D8E92500DD9F82 /* config.h in Headers */,
				A76D29B910D8E92500DD9F82 /* event-config.h in Headers */,
			);
			runOnlyForDeploymentPostprocessing = 0;
		};
/* End PBXHeadersBuildPhase section */

/* Begin PBXNativeTarget section */
		8DC2EF4F0486A6940098B216 /* libevent */ = {
			isa = PBXNativeTarget;
			buildConfigurationList = 1DEB91AD08733DA50010E9CD /* Build configuration list for PBXNativeTarget "libevent" */;
			buildPhases = (
				8DC2EF500486A6940098B216 /* Headers */,
				8DC2EF520486A6940098B216 /* Resources */,
				8DC2EF540486A6940098B216 /* Sources */,
				8DC2EF560486A6940098B216 /* Frameworks */,
			);
			buildRules = (
			);
			dependencies = (
			);
			name = libevent;
			productInstallPath = "$(HOME)/Library/Frameworks";
			productName = libevent;
			productReference = 8DC2EF5B0486A6940098B216 /* libevent.framework */;
			productType = "com.apple.product-type.framework";
		};
/* End PBXNativeTarget section */

/* Begin PBXProject section */
		0867D690FE84028FC02AAC07 /* Project object */ = {
			isa = PBXProject;
			buildConfigurationList = 1DEB91B108733DA50010E9CD /* Build configuration list for PBXProject "libevent" */;
			compatibilityVersion = "Xcode 3.1";
			hasScannedForEncodings = 1;
			mainGroup = 0867D691FE84028FC02AAC07 /* libevent */;
			productRefGroup = 034768DFFF38A50411DB9C8B /* Products */;
			projectDirPath = "";
			projectRoot = "";
			targets = (
				8DC2EF4F0486A6940098B216 /* libevent */,
			);
		};
/* End PBXProject section */

/* Begin PBXResourcesBuildPhase section */
		8DC2EF520486A6940098B216 /* Resources */ = {
			isa = PBXResourcesBuildPhase;
			buildActionMask = 2147483647;
			files = (
				8DC2EF530486A6940098B216 /* InfoPlist.strings in Resources */,
			);
			runOnlyForDeploymentPostprocessing = 0;
		};
/* End PBXResourcesBuildPhase section */

/* Begin PBXSourcesBuildPhase section */
		8DC2EF540486A6940098B216 /* Sources */ = {
			isa = PBXSourcesBuildPhase;
			buildActionMask = 2147483647;
			files = (
				A76D29A310D8E8A600DD9F82 /* buffer.c in Sources */,
				A76D29A410D8E8A600DD9F82 /* evbuffer.c in Sources */,
				A76D29A510D8E8A600DD9F82 /* event.c in Sources */,
				A76D29A810D8E8A600DD9F82 /* evutil.c in Sources */,
				A76D29AA10D8E8A600DD9F82 /* http.c in Sources */,
				A76D29AB10D8E8A600DD9F82 /* kqueue.c in Sources */,
				A76D29AC10D8E8A600DD9F82 /* log.c in Sources */,
				A76D29AD10D8E8A600DD9F82 /* poll.c in Sources */,
				A76D29AE10D8E8A600DD9F82 /* select.c in Sources */,
				A76D29AF10D8E8A600DD9F82 /* signal.c in Sources */,
			);
			runOnlyForDeploymentPostprocessing = 0;
		};
/* End PBXSourcesBuildPhase section */

/* Begin PBXVariantGroup section */
		089C1666FE841158C02AAC07 /* InfoPlist.strings */ = {
			isa = PBXVariantGroup;
			children = (
				089C1667FE841158C02AAC07 /* English */,
			);
			name = InfoPlist.strings;
			sourceTree = "<group>";
		};
/* End PBXVariantGroup section */

/* Begin XCBuildConfiguration section */
		1DEB91AE08733DA50010E9CD /* Debug */ = {
			isa = XCBuildConfiguration;
			buildSettings = {
				ALWAYS_SEARCH_USER_PATHS = YES;
				COPY_PHASE_STRIP = NO;
				DYLIB_COMPATIBILITY_VERSION = 1;
				DYLIB_CURRENT_VERSION = 1;
				FRAMEWORK_VERSION = A;
				GCC_DYNAMIC_NO_PIC = NO;
				GCC_ENABLE_FIX_AND_CONTINUE = YES;
				GCC_MODEL_TUNING = G5;
				GCC_OPTIMIZATION_LEVEL = 0;
				GCC_PRECOMPILE_PREFIX_HEADER = YES;
				GCC_PREFIX_HEADER = libevent_Prefix.pch;
				INFOPLIST_FILE = Info.plist;
				INSTALL_PATH = "@executable_path/../Frameworks";
				OTHER_CFLAGS = "-DHAVE_CONFIG_H";
				PRODUCT_NAME = libevent;
				WRAPPER_EXTENSION = framework;
			};
			name = Debug;
		};
		1DEB91AF08733DA50010E9CD /* Release */ = {
			isa = XCBuildConfiguration;
			buildSettings = {
				ALWAYS_SEARCH_USER_PATHS = NO;
				DEBUG_INFORMATION_FORMAT = "dwarf-with-dsym";
				DYLIB_COMPATIBILITY_VERSION = 1;
				DYLIB_CURRENT_VERSION = 1;
				FRAMEWORK_VERSION = A;
				GCC_MODEL_TUNING = G5;
				GCC_PRECOMPILE_PREFIX_HEADER = YES;
				GCC_PREFIX_HEADER = libevent_Prefix.pch;
				INFOPLIST_FILE = Info.plist;
				INSTALL_PATH = "@executable_path/../Frameworks";
				OTHER_CFLAGS = "-DHAVE_CONFIG_H";
				PRODUCT_NAME = libevent;
				WRAPPER_EXTENSION = framework;
			};
			name = Release;
		};
		1DEB91B208733DA50010E9CD /* Debug */ = {
			isa = XCBuildConfiguration;
			buildSettings = {
				ARCHS = "$(ARCHS_STANDARD_32_64_BIT)";
				GCC_C_LANGUAGE_STANDARD = gnu99;
				GCC_OPTIMIZATION_LEVEL = 0;
				GCC_WARN_ABOUT_RETURN_TYPE = YES;
				GCC_WARN_UNUSED_VARIABLE = YES;
				INSTALL_PATH = "@executable_path/../Frameworks";
				ONLY_ACTIVE_ARCH = YES;
				PREBINDING = NO;
				SDKROOT = macosx10.5;
			};
			name = Debug;
		};
		1DEB91B308733DA50010E9CD /* Release */ = {
			isa = XCBuildConfiguration;
			buildSettings = {
				ARCHS = "$(ARCHS_STANDARD_32_64_BIT)";
				GCC_C_LANGUAGE_STANDARD = gnu99;
				GCC_WARN_ABOUT_RETURN_TYPE = YES;
				GCC_WARN_UNUSED_VARIABLE = YES;
				INSTALL_PATH = "@executable_path/../Frameworks";
				PREBINDING = NO;
				SDKROOT = macosx10.5;
			};
			name = Release;
		};
/* End XCBuildConfiguration section */

/* Begin XCConfigurationList section */
		1DEB91AD08733DA50010E9CD /* Build configuration list for PBXNativeTarget "libevent" */ = {
			isa = XCConfigurationList;
			buildConfigurations = (
				1DEB91AE08733DA50010E9CD /* Debug */,
				1DEB91AF08733DA50010E9CD /* Release */,
			);
			defaultConfigurationIsVisible = 0;
			defaultConfigurationName = Release;
		};
		1DEB91B108733DA50010E9CD /* Build configuration list for PBXProject "libevent" */ = {
			isa = XCConfigurationList;
			buildConfigurations = (
				1DEB91B208733DA50010E9CD /* Debug */,
				1DEB91B308733DA50010E9CD /* Release */,
			);
			defaultConfigurationIsVisible = 0;
			defaultConfigurationName = Release;
		};
/* End XCConfigurationList section */
	};
	rootObject = 0867D690FE84028FC02AAC07 /* Project object */;
}
