<?xml version="1.0" encoding="utf-8"?>
<Project ToolsVersion="4.0" xmlns="http://schemas.microsoft.com/developer/msbuild/2003">
  <ItemGroup>
    <Filter Include="Source Files">
      <UniqueIdentifier>{4FC737F1-C7A5-4376-A066-2A32D752A2FF}</UniqueIdentifier>
      <Extensions>cpp;c;cxx;def;odl;idl;hpj;bat;asm;asmx</Extensions>
    </Filter>
    <Filter Include="Source Files\exceptions">
      <UniqueIdentifier>{cc96b287-b76c-4e11-aa5c-ff6ac19dd972}</UniqueIdentifier>
    </Filter>
    <Filter Include="Source Files\io">
      <UniqueIdentifier>{7385d814-0522-4907-82ad-1cd50a85a5d7}</UniqueIdentifier>
    </Filter>
    <Filter Include="Source Files\nodes">
      <UniqueIdentifier>{af9f9408-ae6e-45af-81ba-31fe29b59201}</UniqueIdentifier>
    </Filter>
    <Filter Include="Source Files\parsers">
      <UniqueIdentifier>{82e6457e-ad05-4d96-a817-2249be8d83b1}</UniqueIdentifier>
    </Filter>
    <Filter Include="Source Files\validators">
      <UniqueIdentifier>{61c1abc9-f870-4d8a-b83f-0ad60fb6fffa}</UniqueIdentifier>
    </Filter>
    <Filter Include="Header Files">
      <UniqueIdentifier>{93995380-89BD-4b04-88EB-625FBE52EBFB}</UniqueIdentifier>
      <Extensions>h;hpp;hxx;hm;inl;inc;xsd</Extensions>
    </Filter>
    <Filter Include="Header Files\exceptions">
      <UniqueIdentifier>{fd96338f-997a-4f3c-ab2f-e8c6e1e2d1b7}</UniqueIdentifier>
    </Filter>
    <Filter Include="Header Files\io">
      <UniqueIdentifier>{151f1608-6062-4c50-9dfe-3cbc25f91b5c}</UniqueIdentifier>
    </Filter>
    <Filter Include="Header Files\nodes">
      <UniqueIdentifier>{b6a1457d-0d4d-4a44-b87f-8df64ca9e959}</UniqueIdentifier>
    </Filter>
    <Filter Include="Header Files\parsers">
      <UniqueIdentifier>{ce47077c-1131-4929-b116-616bf6b9d6fd}</UniqueIdentifier>
    </Filter>
    <Filter Include="Header Files\validators">
      <UniqueIdentifier>{da70c9fb-5a3c-4142-9d58-0c8f62b5ae97}</UniqueIdentifier>
    </Filter>
    <Filter Include="Resource Files">
      <UniqueIdentifier>{67DA6AB6-F800-4c08-8B7A-83BB121AAD01}</UniqueIdentifier>
      <Extensions>rc;ico;cur;bmp;dlg;rc2;rct;bin;rgs;gif;jpg;jpeg;jpe;resx</Extensions>
    </Filter>
  </ItemGroup>
  <ItemGroup>
    <ClCompile Include="..\..\libxml++\attribute.cc">
      <Filter>Source Files</Filter>
    </ClCompile>
    <ClCompile Include="..\..\libxml++\document.cc">
      <Filter>Source Files</Filter>
    </ClCompile>
    <ClCompile Include="..\..\libxml++\dtd.cc">
      <Filter>Source Files</Filter>
    </ClCompile>
    <ClCompile Include="..\..\libxml++\keepblanks.cc">
      <Filter>Source Files</Filter>
    </ClCompile>
    <ClCompile Include="..\..\libxml++\noncopyable.cc">
      <Filter>Source Files</Filter>
    </ClCompile>
    <ClCompile Include="..\..\libxml++\schema.cc">
      <Filter>Source Files</Filter>
    </ClCompile>
    <ClCompile Include="..\..\libxml++\exceptions\exception.cc">
      <Filter>Source Files\exceptions</Filter>
    </ClCompile>
    <ClCompile Include="..\..\libxml++\exceptions\internal_error.cc">
      <Filter>Source Files\exceptions</Filter>
    </ClCompile>
    <ClCompile Include="..\..\libxml++\exceptions\parse_error.cc">
      <Filter>Source Files\exceptions</Filter>
    </ClCompile>
    <ClCompile Include="..\..\libxml++\exceptions\validity_error.cc">
      <Filter>Source Files\exceptions</Filter>
    </ClCompile>
    <ClCompile Include="..\..\libxml++\io\istreamparserinputbuffer.cc">
      <Filter>Source Files\io</Filter>
    </ClCompile>
    <ClCompile Include="..\..\libxml++\io\ostreamoutputbuffer.cc">
      <Filter>Source Files\io</Filter>
    </ClCompile>
    <ClCompile Include="..\..\libxml++\io\outputbuffer.cc">
      <Filter>Source Files\io</Filter>
    </ClCompile>
    <ClCompile Include="..\..\libxml++\io\parserinputbuffer.cc">
      <Filter>Source Files\io</Filter>
    </ClCompile>
    <ClCompile Include="..\..\libxml++\nodes\cdatanode.cc">
      <Filter>Source Files\nodes</Filter>
    </ClCompile>
    <ClCompile Include="..\..\libxml++\nodes\commentnode.cc">
      <Filter>Source Files\nodes</Filter>
    </ClCompile>
    <ClCompile Include="..\..\libxml++\nodes\contentnode.cc">
      <Filter>Source Files\nodes</Filter>
    </ClCompile>
    <ClCompile Include="..\..\libxml++\nodes\element.cc">
      <Filter>Source Files\nodes</Filter>
    </ClCompile>
    <ClCompile Include="..\..\libxml++\nodes\entityreference.cc">
      <Filter>Source Files\nodes</Filter>
    </ClCompile>
    <ClCompile Include="..\..\libxml++\nodes\node.cc">
      <Filter>Source Files\nodes</Filter>
    </ClCompile>
    <ClCompile Include="..\..\libxml++\nodes\processinginstructionnode.cc">
      <Filter>Source Files\nodes</Filter>
    </ClCompile>
    <ClCompile Include="..\..\libxml++\nodes\textnode.cc">
      <Filter>Source Files\nodes</Filter>
    </ClCompile>
    <ClCompile Include="..\..\libxml++\parsers\domparser.cc">
      <Filter>Source Files\parsers</Filter>
    </ClCompile>
    <ClCompile Include="..\..\libxml++\parsers\parser.cc">
      <Filter>Source Files\parsers</Filter>
    </ClCompile>
    <ClCompile Include="..\..\libxml++\parsers\saxparser.cc">
      <Filter>Source Files\parsers</Filter>
    </ClCompile>
    <ClCompile Include="..\..\libxml++\parsers\textreader.cc">
      <Filter>Source Files\parsers</Filter>
    </ClCompile>
    <ClCompile Include="..\..\libxml++\validators\dtdvalidator.cc">
      <Filter>Source Files\validators</Filter>
    </ClCompile>
    <ClCompile Include="..\..\libxml++\validators\schemavalidator.cc">
      <Filter>Source Files\validators</Filter>
    </ClCompile>
    <ClCompile Include="..\..\libxml++\validators\validator.cc">
      <Filter>Source Files\validators</Filter>
    </ClCompile>
  </ItemGroup>
  <ItemGroup>
    <ClInclude Include="..\..\libxml++\attribute.h">
      <Filter>Header Files</Filter>
    </ClInclude>
    <ClInclude Include="..\..\libxml++\document.h">
      <Filter>Header Files</Filter>
    </ClInclude>
    <ClInclude Include="..\..\libxml++\keepblanks.h">
      <Filter>Header Files</Filter>
    </ClInclude>
    <ClInclude Include="..\..\libxml++\libxml++.h">
      <Filter>Header Files</Filter>
    </ClInclude>
    <ClInclude Include="libxml++config.h">
      <Filter>Header Files</Filter>
    </ClInclude>
    <ClInclude Include="..\..\libxml++\noncopyable.h">
      <Filter>Header Files</Filter>
    </ClInclude>
    <ClInclude Include="..\..\libxml++\schema.h">
      <Filter>Header Files</Filter>
    </ClInclude>
    <ClInclude Include="..\..\libxml++\exceptions\exception.h">
      <Filter>Header Files\exceptions</Filter>
    </ClInclude>
    <ClInclude Include="..\..\libxml++\exceptions\internal_error.h">
      <Filter>Header Files\exceptions</Filter>
    </ClInclude>
    <ClInclude Include="..\..\libxml++\exceptions\parse_error.h">
      <Filter>Header Files\exceptions</Filter>
    </ClInclude>
    <ClInclude Include="..\..\libxml++\exceptions\validity_error.h">
      <Filter>Header Files\exceptions</Filter>
    </ClInclude>
    <ClInclude Include="..\..\libxml++\io\istreamparserinputbuffer.h">
      <Filter>Header Files\io</Filter>
    </ClInclude>
    <ClInclude Include="..\..\libxml++\io\ostreamoutputbuffer.h">
      <Filter>Header Files\io</Filter>
    </ClInclude>
    <ClInclude Include="..\..\libxml++\io\outputbuffer.h">
      <Filter>Header Files\io</Filter>
    </ClInclude>
    <ClInclude Include="..\..\libxml++\io\parserinputbuffer.h">
      <Filter>Header Files\io</Filter>
    </ClInclude>
    <ClInclude Include="..\..\libxml++\nodes\cdatanode.h">
      <Filter>Header Files\nodes</Filter>
    </ClInclude>
    <ClInclude Include="..\..\libxml++\nodes\commentnode.h">
      <Filter>Header Files\nodes</Filter>
    </ClInclude>
    <ClInclude Include="..\..\libxml++\nodes\contentnode.h">
      <Filter>Header Files\nodes</Filter>
    </ClInclude>
    <ClInclude Include="..\..\libxml++\nodes\element.h">
      <Filter>Header Files\nodes</Filter>
    </ClInclude>
    <ClInclude Include="..\..\libxml++\nodes\entityreference.h">
      <Filter>Header Files\nodes</Filter>
    </ClInclude>
    <ClInclude Include="..\..\libxml++\nodes\node.h">
      <Filter>Header Files\nodes</Filter>
    </ClInclude>
    <ClInclude Include="..\..\libxml++\nodes\processinginstructionnode.h">
      <Filter>Header Files\nodes</Filter>
    </ClInclude>
    <ClInclude Include="..\..\libxml++\nodes\textnode.h">
      <Filter>Header Files\nodes</Filter>
    </ClInclude>
    <ClInclude Include="..\..\libxml++\parsers\domparser.h">
      <Filter>Header Files\parsers</Filter>
    </ClInclude>
    <ClInclude Include="..\..\libxml++\parsers\parser.h">
      <Filter>Header Files\parsers</Filter>
    </ClInclude>
    <ClInclude Include="..\..\libxml++\parsers\saxparser.h">
      <Filter>Header Files\parsers</Filter>
    </ClInclude>
    <ClInclude Include="..\..\libxml++\parsers\textreader.h">
      <Filter>Header Files\parsers</Filter>
    </ClInclude>
    <ClInclude Include="..\..\libxml++\validators\dtdvalidator.h">
      <Filter>Header Files\validators</Filter>
    </ClInclude>
    <ClInclude Include="..\..\libxml++\validators\schemavalidator.h">
      <Filter>Header Files\validators</Filter>
    </ClInclude>
    <ClInclude Include="..\..\libxml++\validators\validator.h">
      <Filter>Header Files\validators</Filter>
    </ClInclude>
  </ItemGroup>
  <ItemGroup>
    <ResourceCompile Include="libxml++.rc">
      <Filter>Resource Files</Filter>
    </ResourceCompile>
  </ItemGroup>
</Project>