Microsoft Visual Studio Solution File, Format Version 11.00
# Visual Studio 2010
Project("{8BC9CEB8-8B4A-11D0-8D11-00A0C91BC942}") = "gendef", "gendef\gendef.vcxproj", "{07324745-C9BE-4D65-B08A-9C88188C0C28}"
EndProject
Project("{8BC9CEB8-8B4A-11D0-8D11-00A0C91BC942}") = "xml++-2.6", "libxml++\libxml++.vcxproj", "{58B2B53C-C4FF-47FD-817B-095E45B7F7D4}"
EndProject
Project("{8BC9CEB8-8B4A-11D0-8D11-00A0C91BC942}") = "examples_dom_build", "examples\dom_build\dom_build.vcxproj", "{129ECC08-6D30-4884-B824-4AF96EF0A45C}"
EndProject
Project("{8BC9CEB8-8B4A-11D0-8D11-00A0C91BC942}") = "examples_dom_parse_entities", "examples\dom_parse_entities\dom_parse_entities.vcxproj", "{E7989806-1E3E-45AA-AE0D-E6C9250EDDF5}"
EndProject
Project("{8BC9CEB8-8B4A-11D0-8D11-00A0C91BC942}") = "examples_dom_parser", "examples\dom_parser\dom_parser.vcxproj", "{947E2653-58AE-4BCC-8A77-B131850C8206}"
EndProject
Project("{8BC9CEB8-8B4A-11D0-8D11-00A0C91BC942}") = "examples_dom_read_write", "examples\dom_read_write\dom_read_write.vcxproj", "{6058A05F-D9DA-4965-B506-F927BBF37E75}"
EndProject
Project("{8BC9CEB8-8B4A-11D0-8D11-00A0C91BC942}") = "examples_dom_xpath", "examples\dom_xpath\dom_xpath.vcxproj", "{B0C776B1-FC22-4ADE-88E5-482AE826B353}"
EndProject
Project("{8BC9CEB8-8B4A-11D0-8D11-00A0C91BC942}") = "examples_dtdvalidation", "examples\dtdvalidation\dtdvalidation.vcxproj", "{6C243796-E9A8-4342-AD70-B32FC1885247}"
EndProject
Project("{8BC9CEB8-8B4A-11D0-8D11-00A0C91BC942}") = "examples_import_node", "examples\import_node\import_node.vcxproj", "{FCEF0A34-7F40-4419-991E-181663D70AC0}"
EndProject
Project("{8BC9CEB8-8B4A-11D0-8D11-00A0C91BC942}") = "examples_sax_exception", "examples\sax_exception\sax_exception.vcxproj", "{1DA79E56-7C9E-4D77-BF66-C8CD03BB2D58}"
EndProject
Project("{8BC9CEB8-8B4A-11D0-8D11-00A0C91BC942}") = "examples_sax_parser", "examples\sax_parser\sax_parser.vcxproj", "{A665E2E3-4148-4389-B5C4-271AFE4BC1B7}"
EndProject
Project("{8BC9CEB8-8B4A-11D0-8D11-00A0C91BC942}") = "examples_sax_parser_build_dom", "examples\sax_parser_build_dom\sax_parser_build_dom.vcxproj", "{394D1FAE-F35F-4A20-9192-2FA598A0D295}"
EndProject
Project("{8BC9CEB8-8B4A-11D0-8D11-00A0C91BC942}") = "examples_sax_parser_entities", "examples\sax_parser_entities\sax_parser_entities.vcxproj", "{C023B6BA-4F3D-4FD4-ACC3-732120ACD2C9}"
EndProject
Project("{8BC9CEB8-8B4A-11D0-8D11-00A0C91BC942}") = "examples_textreader", "examples\textreader\textreader.vcxproj", "{AE21B35B-954D-454E-AADC-8374DE3B3B68}"
EndProject
Project("{8BC9CEB8-8B4A-11D0-8D11-00A0C91BC942}") = "examples_schemavalidation", "examples\schemavalidation\schemavalidation.vcxproj", "{D8027D51-09B4-496E-B2F4-608277E466C9}"
EndProject
Project("{8BC9CEB8-8B4A-11D0-8D11-00A0C91BC942}") = "examples_dom_parser_raw", "examples\dom_parser_raw\dom_parser_raw.vcxproj", "{D6AC5DAE-FCDD-4B03-93DC-7588AA3F10F0}"
EndProject
Global
	GlobalSection(SolutionConfigurationPlatforms) = preSolution
		Debug|Win32 = Debug|Win32
		Debug|x64 = Debug|x64
		Release|Win32 = Release|Win32
		Release|x64 = Release|x64
	EndGlobalSection
	GlobalSection(ProjectConfigurationPlatforms) = postSolution
		{07324745-C9BE-4D65-B08A-9C88188C0C28}.Debug|Win32.ActiveCfg = Debug|Win32
		{07324745-C9BE-4D65-B08A-9C88188C0C28}.Debug|Win32.Build.0 = Debug|Win32
		{07324745-C9BE-4D65-B08A-9C88188C0C28}.Debug|x64.ActiveCfg = Debug|x64
		{07324745-C9BE-4D65-B08A-9C88188C0C28}.Debug|x64.Build.0 = Debug|x64
		{07324745-C9BE-4D65-B08A-9C88188C0C28}.Release|Win32.ActiveCfg = Release|Win32
		{07324745-C9BE-4D65-B08A-9C88188C0C28}.Release|Win32.Build.0 = Release|Win32
		{07324745-C9BE-4D65-B08A-9C88188C0C28}.Release|x64.ActiveCfg = Release|x64
		{07324745-C9BE-4D65-B08A-9C88188C0C28}.Release|x64.Build.0 = Release|x64
		{58B2B53C-C4FF-47FD-817B-095E45B7F7D4}.Debug|Win32.ActiveCfg = Debug|Win32
		{58B2B53C-C4FF-47FD-817B-095E45B7F7D4}.Debug|Win32.Build.0 = Debug|Win32
		{58B2B53C-C4FF-47FD-817B-095E45B7F7D4}.Debug|x64.ActiveCfg = Debug|x64
		{58B2B53C-C4FF-47FD-817B-095E45B7F7D4}.Debug|x64.Build.0 = Debug|x64
		{58B2B53C-C4FF-47FD-817B-095E45B7F7D4}.Release|Win32.ActiveCfg = Release|Win32
		{58B2B53C-C4FF-47FD-817B-095E45B7F7D4}.Release|Win32.Build.0 = Release|Win32
		{58B2B53C-C4FF-47FD-817B-095E45B7F7D4}.Release|x64.ActiveCfg = Release|x64
		{58B2B53C-C4FF-47FD-817B-095E45B7F7D4}.Release|x64.Build.0 = Release|x64
		{129ECC08-6D30-4884-B824-4AF96EF0A45C}.Debug|Win32.ActiveCfg = Debug|Win32
		{129ECC08-6D30-4884-B824-4AF96EF0A45C}.Debug|Win32.Build.0 = Debug|Win32
		{129ECC08-6D30-4884-B824-4AF96EF0A45C}.Debug|x64.ActiveCfg = Debug|x64
		{129ECC08-6D30-4884-B824-4AF96EF0A45C}.Debug|x64.Build.0 = Debug|x64
		{129ECC08-6D30-4884-B824-4AF96EF0A45C}.Release|Win32.ActiveCfg = Release|Win32
		{129ECC08-6D30-4884-B824-4AF96EF0A45C}.Release|Win32.Build.0 = Release|Win32
		{129ECC08-6D30-4884-B824-4AF96EF0A45C}.Release|x64.ActiveCfg = Release|x64
		{129ECC08-6D30-4884-B824-4AF96EF0A45C}.Release|x64.Build.0 = Release|x64
		{E7989806-1E3E-45AA-AE0D-E6C9250EDDF5}.Debug|Win32.ActiveCfg = Debug|Win32
		{E7989806-1E3E-45AA-AE0D-E6C9250EDDF5}.Debug|Win32.Build.0 = Debug|Win32
		{E7989806-1E3E-45AA-AE0D-E6C9250EDDF5}.Debug|x64.ActiveCfg = Debug|x64
		{E7989806-1E3E-45AA-AE0D-E6C9250EDDF5}.Debug|x64.Build.0 = Debug|x64
		{E7989806-1E3E-45AA-AE0D-E6C9250EDDF5}.Release|Win32.ActiveCfg = Release|Win32
		{E7989806-1E3E-45AA-AE0D-E6C9250EDDF5}.Release|Win32.Build.0 = Release|Win32
		{E7989806-1E3E-45AA-AE0D-E6C9250EDDF5}.Release|x64.ActiveCfg = Release|x64
		{E7989806-1E3E-45AA-AE0D-E6C9250EDDF5}.Release|x64.Build.0 = Release|x64
		{947E2653-58AE-4BCC-8A77-B131850C8206}.Debug|Win32.ActiveCfg = Debug|Win32
		{947E2653-58AE-4BCC-8A77-B131850C8206}.Debug|Win32.Build.0 = Debug|Win32
		{947E2653-58AE-4BCC-8A77-B131850C8206}.Debug|x64.ActiveCfg = Debug|x64
		{947E2653-58AE-4BCC-8A77-B131850C8206}.Debug|x64.Build.0 = Debug|x64
		{947E2653-58AE-4BCC-8A77-B131850C8206}.Release|Win32.ActiveCfg = Release|Win32
		{947E2653-58AE-4BCC-8A77-B131850C8206}.Release|Win32.Build.0 = Release|Win32
		{947E2653-58AE-4BCC-8A77-B131850C8206}.Release|x64.ActiveCfg = Release|x64
		{947E2653-58AE-4BCC-8A77-B131850C8206}.Release|x64.Build.0 = Release|x64
		{6058A05F-D9DA-4965-B506-F927BBF37E75}.Debug|Win32.ActiveCfg = Debug|Win32
		{6058A05F-D9DA-4965-B506-F927BBF37E75}.Debug|Win32.Build.0 = Debug|Win32
		{6058A05F-D9DA-4965-B506-F927BBF37E75}.Debug|x64.ActiveCfg = Debug|x64
		{6058A05F-D9DA-4965-B506-F927BBF37E75}.Debug|x64.Build.0 = Debug|x64
		{6058A05F-D9DA-4965-B506-F927BBF37E75}.Release|Win32.ActiveCfg = Release|Win32
		{6058A05F-D9DA-4965-B506-F927BBF37E75}.Release|Win32.Build.0 = Release|Win32
		{6058A05F-D9DA-4965-B506-F927BBF37E75}.Release|x64.ActiveCfg = Release|x64
		{6058A05F-D9DA-4965-B506-F927BBF37E75}.Release|x64.Build.0 = Release|x64
		{B0C776B1-FC22-4ADE-88E5-482AE826B353}.Debug|Win32.ActiveCfg = Debug|Win32
		{B0C776B1-FC22-4ADE-88E5-482AE826B353}.Debug|Win32.Build.0 = Debug|Win32
		{B0C776B1-FC22-4ADE-88E5-482AE826B353}.Debug|x64.ActiveCfg = Debug|x64
		{B0C776B1-FC22-4ADE-88E5-482AE826B353}.Debug|x64.Build.0 = Debug|x64
		{B0C776B1-FC22-4ADE-88E5-482AE826B353}.Release|Win32.ActiveCfg = Release|Win32
		{B0C776B1-FC22-4ADE-88E5-482AE826B353}.Release|Win32.Build.0 = Release|Win32
		{B0C776B1-FC22-4ADE-88E5-482AE826B353}.Release|x64.ActiveCfg = Release|x64
		{B0C776B1-FC22-4ADE-88E5-482AE826B353}.Release|x64.Build.0 = Release|x64
		{6C243796-E9A8-4342-AD70-B32FC1885247}.Debug|Win32.ActiveCfg = Debug|Win32
		{6C243796-E9A8-4342-AD70-B32FC1885247}.Debug|Win32.Build.0 = Debug|Win32
		{6C243796-E9A8-4342-AD70-B32FC1885247}.Debug|x64.ActiveCfg = Debug|x64
		{6C243796-E9A8-4342-AD70-B32FC1885247}.Debug|x64.Build.0 = Debug|x64
		{6C243796-E9A8-4342-AD70-B32FC1885247}.Release|Win32.ActiveCfg = Release|Win32
		{6C243796-E9A8-4342-AD70-B32FC1885247}.Release|Win32.Build.0 = Release|Win32
		{6C243796-E9A8-4342-AD70-B32FC1885247}.Release|x64.ActiveCfg = Release|x64
		{6C243796-E9A8-4342-AD70-B32FC1885247}.Release|x64.Build.0 = Release|x64
		{FCEF0A34-7F40-4419-991E-181663D70AC0}.Debug|Win32.ActiveCfg = Debug|Win32
		{FCEF0A34-7F40-4419-991E-181663D70AC0}.Debug|Win32.Build.0 = Debug|Win32
		{FCEF0A34-7F40-4419-991E-181663D70AC0}.Debug|x64.ActiveCfg = Debug|x64
		{FCEF0A34-7F40-4419-991E-181663D70AC0}.Debug|x64.Build.0 = Debug|x64
		{FCEF0A34-7F40-4419-991E-181663D70AC0}.Release|Win32.ActiveCfg = Release|Win32
		{FCEF0A34-7F40-4419-991E-181663D70AC0}.Release|Win32.Build.0 = Release|Win32
		{FCEF0A34-7F40-4419-991E-181663D70AC0}.Release|x64.ActiveCfg = Release|x64
		{FCEF0A34-7F40-4419-991E-181663D70AC0}.Release|x64.Build.0 = Release|x64
		{1DA79E56-7C9E-4D77-BF66-C8CD03BB2D58}.Debug|Win32.ActiveCfg = Debug|Win32
		{1DA79E56-7C9E-4D77-BF66-C8CD03BB2D58}.Debug|Win32.Build.0 = Debug|Win32
		{1DA79E56-7C9E-4D77-BF66-C8CD03BB2D58}.Debug|x64.ActiveCfg = Debug|x64
		{1DA79E56-7C9E-4D77-BF66-C8CD03BB2D58}.Debug|x64.Build.0 = Debug|x64
		{1DA79E56-7C9E-4D77-BF66-C8CD03BB2D58}.Release|Win32.ActiveCfg = Release|Win32
		{1DA79E56-7C9E-4D77-BF66-C8CD03BB2D58}.Release|Win32.Build.0 = Release|Win32
		{1DA79E56-7C9E-4D77-BF66-C8CD03BB2D58}.Release|x64.ActiveCfg = Release|x64
		{1DA79E56-7C9E-4D77-BF66-C8CD03BB2D58}.Release|x64.Build.0 = Release|x64
		{A665E2E3-4148-4389-B5C4-271AFE4BC1B7}.Debug|Win32.ActiveCfg = Debug|Win32
		{A665E2E3-4148-4389-B5C4-271AFE4BC1B7}.Debug|Win32.Build.0 = Debug|Win32
		{A665E2E3-4148-4389-B5C4-271AFE4BC1B7}.Debug|x64.ActiveCfg = Debug|x64
		{A665E2E3-4148-4389-B5C4-271AFE4BC1B7}.Debug|x64.Build.0 = Debug|x64
		{A665E2E3-4148-4389-B5C4-271AFE4BC1B7}.Release|Win32.ActiveCfg = Release|Win32
		{A665E2E3-4148-4389-B5C4-271AFE4BC1B7}.Release|Win32.Build.0 = Release|Win32
		{A665E2E3-4148-4389-B5C4-271AFE4BC1B7}.Release|x64.ActiveCfg = Release|x64
		{A665E2E3-4148-4389-B5C4-271AFE4BC1B7}.Release|x64.Build.0 = Release|x64
		{394D1FAE-F35F-4A20-9192-2FA598A0D295}.Debug|Win32.ActiveCfg = Debug|Win32
		{394D1FAE-F35F-4A20-9192-2FA598A0D295}.Debug|Win32.Build.0 = Debug|Win32
		{394D1FAE-F35F-4A20-9192-2FA598A0D295}.Debug|x64.ActiveCfg = Debug|x64
		{394D1FAE-F35F-4A20-9192-2FA598A0D295}.Debug|x64.Build.0 = Debug|x64
		{394D1FAE-F35F-4A20-9192-2FA598A0D295}.Release|Win32.ActiveCfg = Release|Win32
		{394D1FAE-F35F-4A20-9192-2FA598A0D295}.Release|Win32.Build.0 = Release|Win32
		{394D1FAE-F35F-4A20-9192-2FA598A0D295}.Release|x64.ActiveCfg = Release|x64
		{394D1FAE-F35F-4A20-9192-2FA598A0D295}.Release|x64.Build.0 = Release|x64
		{C023B6BA-4F3D-4FD4-ACC3-732120ACD2C9}.Debug|Win32.ActiveCfg = Debug|Win32
		{C023B6BA-4F3D-4FD4-ACC3-732120ACD2C9}.Debug|Win32.Build.0 = Debug|Win32
		{C023B6BA-4F3D-4FD4-ACC3-732120ACD2C9}.Debug|x64.ActiveCfg = Debug|x64
		{C023B6BA-4F3D-4FD4-ACC3-732120ACD2C9}.Debug|x64.Build.0 = Debug|x64
		{C023B6BA-4F3D-4FD4-ACC3-732120ACD2C9}.Release|Win32.ActiveCfg = Release|Win32
		{C023B6BA-4F3D-4FD4-ACC3-732120ACD2C9}.Release|Win32.Build.0 = Release|Win32
		{C023B6BA-4F3D-4FD4-ACC3-732120ACD2C9}.Release|x64.ActiveCfg = Release|x64
		{C023B6BA-4F3D-4FD4-ACC3-732120ACD2C9}.Release|x64.Build.0 = Release|x64
		{AE21B35B-954D-454E-AADC-8374DE3B3B68}.Debug|Win32.ActiveCfg = Debug|Win32
		{AE21B35B-954D-454E-AADC-8374DE3B3B68}.Debug|Win32.Build.0 = Debug|Win32
		{AE21B35B-954D-454E-AADC-8374DE3B3B68}.Debug|x64.ActiveCfg = Debug|x64
		{AE21B35B-954D-454E-AADC-8374DE3B3B68}.Debug|x64.Build.0 = Debug|x64
		{AE21B35B-954D-454E-AADC-8374DE3B3B68}.Release|Win32.ActiveCfg = Release|Win32
		{AE21B35B-954D-454E-AADC-8374DE3B3B68}.Release|Win32.Build.0 = Release|Win32
		{AE21B35B-954D-454E-AADC-8374DE3B3B68}.Release|x64.ActiveCfg = Release|x64
		{AE21B35B-954D-454E-AADC-8374DE3B3B68}.Release|x64.Build.0 = Release|x64
		{D8027D51-09B4-496E-B2F4-608277E466C9}.Debug|Win32.ActiveCfg = Debug|Win32
		{D8027D51-09B4-496E-B2F4-608277E466C9}.Debug|Win32.Build.0 = Debug|Win32
		{D8027D51-09B4-496E-B2F4-608277E466C9}.Debug|x64.ActiveCfg = Debug|x64
		{D8027D51-09B4-496E-B2F4-608277E466C9}.Debug|x64.Build.0 = Debug|x64
		{D8027D51-09B4-496E-B2F4-608277E466C9}.Release|Win32.ActiveCfg = Release|Win32
		{D8027D51-09B4-496E-B2F4-608277E466C9}.Release|Win32.Build.0 = Release|Win32
		{D8027D51-09B4-496E-B2F4-608277E466C9}.Release|x64.ActiveCfg = Release|x64
		{D8027D51-09B4-496E-B2F4-608277E466C9}.Release|x64.Build.0 = Release|x64
		{D6AC5DAE-FCDD-4B03-93DC-7588AA3F10F0}.Debug|Win32.ActiveCfg = Debug|Win32
		{D6AC5DAE-FCDD-4B03-93DC-7588AA3F10F0}.Debug|Win32.Build.0 = Debug|Win32
		{D6AC5DAE-FCDD-4B03-93DC-7588AA3F10F0}.Debug|x64.ActiveCfg = Debug|x64
		{D6AC5DAE-FCDD-4B03-93DC-7588AA3F10F0}.Debug|x64.Build.0 = Debug|x64
		{D6AC5DAE-FCDD-4B03-93DC-7588AA3F10F0}.Release|Win32.ActiveCfg = Release|Win32
		{D6AC5DAE-FCDD-4B03-93DC-7588AA3F10F0}.Release|Win32.Build.0 = Release|Win32
		{D6AC5DAE-FCDD-4B03-93DC-7588AA3F10F0}.Release|x64.ActiveCfg = Release|x64
		{D6AC5DAE-FCDD-4B03-93DC-7588AA3F10F0}.Release|x64.Build.0 = Release|x64
	EndGlobalSection
	GlobalSection(SolutionProperties) = preSolution
		HideSolutionNode = FALSE
	EndGlobalSection
EndGlobal
