Microsoft Visual Studio Solution File, Format Version 9.00
# Visual C++ Express 2005
Project("{8BC9CEB8-8B4A-11D0-8D11-00A0C91BC942}") = "gendef", "gendef\gendef.vcproj", "{07324745-C9BE-4D65-B08A-9C88188C0C28}"
EndProject
Project("{8BC9CEB8-8B4A-11D0-8D11-00A0C91BC942}") = "libxml++-2.6", "libxml++\libxml++.vcproj", "{58B2B53C-C4FF-47FD-817B-095E45B7F7D4}"
	ProjectSection(ProjectDependencies) = postProject
		{07324745-C9BE-4D65-B08A-9C88188C0C28} = {07324745-C9BE-4D65-B08A-9C88188C0C28}
	EndProjectSection
EndProject
Project("{8BC9CEB8-8B4A-11D0-8D11-00A0C91BC942}") = "examples_dom_build", "examples\dom_build\dom_build.vcproj", "{129ECC08-6D30-4884-B824-4AF96EF0A45C}"
	ProjectSection(ProjectDependencies) = postProject
		{58B2B53C-C4FF-47FD-817B-095E45B7F7D4} = {58B2B53C-C4FF-47FD-817B-095E45B7F7D4}
	EndProjectSection
EndProject
Project("{8BC9CEB8-8B4A-11D0-8D11-00A0C91BC942}") = "examples_dom_parse_entities", "examples\dom_parse_entities\dom_parse_entities.vcproj", "{E7989806-1E3E-45AA-AE0D-E6C9250EDDF5}"
	ProjectSection(ProjectDependencies) = postProject
		{58B2B53C-C4FF-47FD-817B-095E45B7F7D4} = {58B2B53C-C4FF-47FD-817B-095E45B7F7D4}
	EndProjectSection
EndProject
Project("{8BC9CEB8-8B4A-11D0-8D11-00A0C91BC942}") = "examples_dom_parser", "examples\dom_parser\dom_parser.vcproj", "{947E2653-58AE-4BCC-8A77-B131850C8206}"
	ProjectSection(ProjectDependencies) = postProject
		{58B2B53C-C4FF-47FD-817B-095E45B7F7D4} = {58B2B53C-C4FF-47FD-817B-095E45B7F7D4}
	EndProjectSection
EndProject
Project("{8BC9CEB8-8B4A-11D0-8D11-00A0C91BC942}") = "examples_dom_read_write", "examples\dom_read_write\dom_read_write.vcproj", "{6058A05F-D9DA-4965-B506-F927BBF37E75}"
	ProjectSection(ProjectDependencies) = postProject
		{58B2B53C-C4FF-47FD-817B-095E45B7F7D4} = {58B2B53C-C4FF-47FD-817B-095E45B7F7D4}
	EndProjectSection
EndProject
Project("{8BC9CEB8-8B4A-11D0-8D11-00A0C91BC942}") = "examples_dom_xpath", "examples\dom_xpath\dom_xpath.vcproj", "{B0C776B1-FC22-4ADE-88E5-482AE826B353}"
	ProjectSection(ProjectDependencies) = postProject
		{58B2B53C-C4FF-47FD-817B-095E45B7F7D4} = {58B2B53C-C4FF-47FD-817B-095E45B7F7D4}
	EndProjectSection
EndProject
Project("{8BC9CEB8-8B4A-11D0-8D11-00A0C91BC942}") = "examples_dtdvalidation", "examples\dtdvalidation\dtdvalidation.vcproj", "{6C243796-E9A8-4342-AD70-B32FC1885247}"
	ProjectSection(ProjectDependencies) = postProject
		{58B2B53C-C4FF-47FD-817B-095E45B7F7D4} = {58B2B53C-C4FF-47FD-817B-095E45B7F7D4}
	EndProjectSection
EndProject
Project("{8BC9CEB8-8B4A-11D0-8D11-00A0C91BC942}") = "examples_import_node", "examples\import_node\import_node.vcproj", "{FCEF0A34-7F40-4419-991E-181663D70AC0}"
	ProjectSection(ProjectDependencies) = postProject
		{58B2B53C-C4FF-47FD-817B-095E45B7F7D4} = {58B2B53C-C4FF-47FD-817B-095E45B7F7D4}
	EndProjectSection
EndProject
Project("{8BC9CEB8-8B4A-11D0-8D11-00A0C91BC942}") = "examples_sax_exception", "examples\sax_exception\sax_exception.vcproj", "{1DA79E56-7C9E-4D77-BF66-C8CD03BB2D58}"
	ProjectSection(ProjectDependencies) = postProject
		{58B2B53C-C4FF-47FD-817B-095E45B7F7D4} = {58B2B53C-C4FF-47FD-817B-095E45B7F7D4}
	EndProjectSection
EndProject
Project("{8BC9CEB8-8B4A-11D0-8D11-00A0C91BC942}") = "examples_sax_parser", "examples\sax_parser\sax_parser.vcproj", "{A665E2E3-4148-4389-B5C4-271AFE4BC1B7}"
	ProjectSection(ProjectDependencies) = postProject
		{58B2B53C-C4FF-47FD-817B-095E45B7F7D4} = {58B2B53C-C4FF-47FD-817B-095E45B7F7D4}
	EndProjectSection
EndProject
Project("{8BC9CEB8-8B4A-11D0-8D11-00A0C91BC942}") = "examples_sax_parser_build_dom", "examples\sax_parser_build_dom\sax_parser_build_dom.vcproj", "{394D1FAE-F35F-4A20-9192-2FA598A0D295}"
	ProjectSection(ProjectDependencies) = postProject
		{58B2B53C-C4FF-47FD-817B-095E45B7F7D4} = {58B2B53C-C4FF-47FD-817B-095E45B7F7D4}
	EndProjectSection
EndProject
Project("{8BC9CEB8-8B4A-11D0-8D11-00A0C91BC942}") = "examples_sax_parser_entities", "examples\sax_parser_entities\sax_parser_entities.vcproj", "{C023B6BA-4F3D-4FD4-ACC3-732120ACD2C9}"
	ProjectSection(ProjectDependencies) = postProject
		{58B2B53C-C4FF-47FD-817B-095E45B7F7D4} = {58B2B53C-C4FF-47FD-817B-095E45B7F7D4}
	EndProjectSection
EndProject
Project("{8BC9CEB8-8B4A-11D0-8D11-00A0C91BC942}") = "examples_textreader", "examples\textreader\textreader.vcproj", "{AE21B35B-954D-454E-AADC-8374DE3B3B68}"
	ProjectSection(ProjectDependencies) = postProject
		{58B2B53C-C4FF-47FD-817B-095E45B7F7D4} = {58B2B53C-C4FF-47FD-817B-095E45B7F7D4}
	EndProjectSection
EndProject
Global
	GlobalSection(SolutionConfigurationPlatforms) = preSolution
		Debug|Win32 = Debug|Win32
		Release|Win32 = Release|Win32
	EndGlobalSection
	GlobalSection(ProjectConfigurationPlatforms) = postSolution
		{07324745-C9BE-4D65-B08A-9C88188C0C28}.Debug|Win32.ActiveCfg = Debug|Win32
		{07324745-C9BE-4D65-B08A-9C88188C0C28}.Debug|Win32.Build.0 = Debug|Win32
		{07324745-C9BE-4D65-B08A-9C88188C0C28}.Release|Win32.ActiveCfg = Release|Win32
		{07324745-C9BE-4D65-B08A-9C88188C0C28}.Release|Win32.Build.0 = Release|Win32
		{58B2B53C-C4FF-47FD-817B-095E45B7F7D4}.Debug|Win32.ActiveCfg = Debug|Win32
		{58B2B53C-C4FF-47FD-817B-095E45B7F7D4}.Debug|Win32.Build.0 = Debug|Win32
		{58B2B53C-C4FF-47FD-817B-095E45B7F7D4}.Release|Win32.ActiveCfg = Release|Win32
		{58B2B53C-C4FF-47FD-817B-095E45B7F7D4}.Release|Win32.Build.0 = Release|Win32
		{129ECC08-6D30-4884-B824-4AF96EF0A45C}.Debug|Win32.ActiveCfg = Debug|Win32
		{129ECC08-6D30-4884-B824-4AF96EF0A45C}.Debug|Win32.Build.0 = Debug|Win32
		{129ECC08-6D30-4884-B824-4AF96EF0A45C}.Release|Win32.ActiveCfg = Release|Win32
		{129ECC08-6D30-4884-B824-4AF96EF0A45C}.Release|Win32.Build.0 = Release|Win32
		{E7989806-1E3E-45AA-AE0D-E6C9250EDDF5}.Debug|Win32.ActiveCfg = Debug|Win32
		{E7989806-1E3E-45AA-AE0D-E6C9250EDDF5}.Release|Win32.ActiveCfg = Release|Win32
		{947E2653-58AE-4BCC-8A77-B131850C8206}.Debug|Win32.ActiveCfg = Debug|Win32
		{947E2653-58AE-4BCC-8A77-B131850C8206}.Release|Win32.ActiveCfg = Release|Win32
		{6058A05F-D9DA-4965-B506-F927BBF37E75}.Debug|Win32.ActiveCfg = Debug|Win32
		{6058A05F-D9DA-4965-B506-F927BBF37E75}.Release|Win32.ActiveCfg = Release|Win32
		{B0C776B1-FC22-4ADE-88E5-482AE826B353}.Debug|Win32.ActiveCfg = Debug|Win32
		{B0C776B1-FC22-4ADE-88E5-482AE826B353}.Release|Win32.ActiveCfg = Release|Win32
		{6C243796-E9A8-4342-AD70-B32FC1885247}.Debug|Win32.ActiveCfg = Debug|Win32
		{6C243796-E9A8-4342-AD70-B32FC1885247}.Release|Win32.ActiveCfg = Release|Win32
		{FCEF0A34-7F40-4419-991E-181663D70AC0}.Debug|Win32.ActiveCfg = Debug|Win32
		{FCEF0A34-7F40-4419-991E-181663D70AC0}.Release|Win32.ActiveCfg = Release|Win32
		{1DA79E56-7C9E-4D77-BF66-C8CD03BB2D58}.Debug|Win32.ActiveCfg = Debug|Win32
		{1DA79E56-7C9E-4D77-BF66-C8CD03BB2D58}.Release|Win32.ActiveCfg = Release|Win32
		{A665E2E3-4148-4389-B5C4-271AFE4BC1B7}.Debug|Win32.ActiveCfg = Debug|Win32
		{A665E2E3-4148-4389-B5C4-271AFE4BC1B7}.Release|Win32.ActiveCfg = Release|Win32
		{394D1FAE-F35F-4A20-9192-2FA598A0D295}.Debug|Win32.ActiveCfg = Debug|Win32
		{394D1FAE-F35F-4A20-9192-2FA598A0D295}.Release|Win32.ActiveCfg = Release|Win32
		{C023B6BA-4F3D-4FD4-ACC3-732120ACD2C9}.Debug|Win32.ActiveCfg = Debug|Win32
		{C023B6BA-4F3D-4FD4-ACC3-732120ACD2C9}.Release|Win32.ActiveCfg = Release|Win32
		{AE21B35B-954D-454E-AADC-8374DE3B3B68}.Debug|Win32.ActiveCfg = Debug|Win32
		{AE21B35B-954D-454E-AADC-8374DE3B3B68}.Release|Win32.ActiveCfg = Release|Win32
	EndGlobalSection
	GlobalSection(SolutionProperties) = preSolution
		HideSolutionNode = FALSE
	EndGlobalSection
EndGlobal
