// !$*UTF8*$!
{
	archiveVersion = 1;
	classes = {
	};
	objectVersion = 46;
	objects = {

/* Begin PBXBuildFile section */
		8DC2EF530486A6940098B216 /* InfoPlist.strings in Resources */ = {isa = PBXBuildFile; fileRef = 089C1666FE841158C02AAC07 /* InfoPlist.strings */; };
		8DC2EF570486A6940098B216 /* Cocoa.framework in Frameworks */ = {isa = PBXBuildFile; fileRef = 1058C7B1FEA5585E11CA2CBB /* Cocoa.framework */; };
		BFAF58050EA244A100C21467 /* api_export.h in Headers */ = {isa = PBXBuildFile; fileRef = BFAF57C90EA244A100C21467 /* api_export.h */; };
		BFAF58060EA244A100C21467 /* attribute.cc in Sources */ = {isa = PBXBuildFile; fileRef = BFAF57CA0EA244A100C21467 /* attribute.cc */; };
		BFAF58070EA244A100C21467 /* attribute.h in Headers */ = {isa = PBXBuildFile; fileRef = BFAF57CB0EA244A100C21467 /* attribute.h */; };
		BFAF58080EA244A100C21467 /* document.cc in Sources */ = {isa = PBXBuildFile; fileRef = BFAF57CC0EA244A100C21467 /* document.cc */; };
		BFAF58090EA244A100C21467 /* document.h in Headers */ = {isa = PBXBuildFile; fileRef = BFAF57CD0EA244A100C21467 /* document.h */; };
		BFAF580A0EA244A100C21467 /* dtd.cc in Sources */ = {isa = PBXBuildFile; fileRef = BFAF57CE0EA244A100C21467 /* dtd.cc */; };
		BFAF580B0EA244A100C21467 /* dtd.h in Headers */ = {isa = PBXBuildFile; fileRef = BFAF57CF0EA244A100C21467 /* dtd.h */; };
		BFAF580E0EA244A100C21467 /* exception.cc in Sources */ = {isa = PBXBuildFile; fileRef = BFAF57D30EA244A100C21467 /* exception.cc */; };
		BFAF580F0EA244A100C21467 /* exception.h in Headers */ = {isa = PBXBuildFile; fileRef = BFAF57D40EA244A100C21467 /* exception.h */; };
		BFAF58100EA244A100C21467 /* internal_error.cc in Sources */ = {isa = PBXBuildFile; fileRef = BFAF57D50EA244A100C21467 /* internal_error.cc */; };
		BFAF58110EA244A100C21467 /* internal_error.h in Headers */ = {isa = PBXBuildFile; fileRef = BFAF57D60EA244A100C21467 /* internal_error.h */; };
		BFAF58120EA244A100C21467 /* parse_error.cc in Sources */ = {isa = PBXBuildFile; fileRef = BFAF57D70EA244A100C21467 /* parse_error.cc */; };
		BFAF58130EA244A100C21467 /* parse_error.h in Headers */ = {isa = PBXBuildFile; fileRef = BFAF57D80EA244A100C21467 /* parse_error.h */; };
		BFAF58140EA244A100C21467 /* validity_error.cc in Sources */ = {isa = PBXBuildFile; fileRef = BFAF57D90EA244A100C21467 /* validity_error.cc */; };
		BFAF58150EA244A100C21467 /* validity_error.h in Headers */ = {isa = PBXBuildFile; fileRef = BFAF57DA0EA244A100C21467 /* validity_error.h */; };
		BFAF58180EA244A100C21467 /* ostreamoutputbuffer.cc in Sources */ = {isa = PBXBuildFile; fileRef = BFAF57DE0EA244A100C21467 /* ostreamoutputbuffer.cc */; };
		BFAF58190EA244A100C21467 /* ostreamoutputbuffer.h in Headers */ = {isa = PBXBuildFile; fileRef = BFAF57DF0EA244A100C21467 /* ostreamoutputbuffer.h */; };
		BFAF581A0EA244A100C21467 /* outputbuffer.cc in Sources */ = {isa = PBXBuildFile; fileRef = BFAF57E00EA244A100C21467 /* outputbuffer.cc */; };
		BFAF581B0EA244A100C21467 /* outputbuffer.h in Headers */ = {isa = PBXBuildFile; fileRef = BFAF57E10EA244A100C21467 /* outputbuffer.h */; };
		BFAF581C0EA244A100C21467 /* keepblanks.cc in Sources */ = {isa = PBXBuildFile; fileRef = BFAF57E20EA244A100C21467 /* keepblanks.cc */; };
		BFAF581D0EA244A100C21467 /* keepblanks.h in Headers */ = {isa = PBXBuildFile; fileRef = BFAF57E30EA244A100C21467 /* keepblanks.h */; };
		BFAF581E0EA244A100C21467 /* libxml++.h in Headers */ = {isa = PBXBuildFile; fileRef = BFAF57E40EA244A100C21467 /* libxml++.h */; };
		BFAF58210EA244A100C21467 /* cdatanode.cc in Sources */ = {isa = PBXBuildFile; fileRef = BFAF57E80EA244A100C21467 /* cdatanode.cc */; };
		BFAF58220EA244A100C21467 /* cdatanode.h in Headers */ = {isa = PBXBuildFile; fileRef = BFAF57E90EA244A100C21467 /* cdatanode.h */; };
		BFAF58230EA244A100C21467 /* commentnode.cc in Sources */ = {isa = PBXBuildFile; fileRef = BFAF57EA0EA244A100C21467 /* commentnode.cc */; };
		BFAF58240EA244A100C21467 /* commentnode.h in Headers */ = {isa = PBXBuildFile; fileRef = BFAF57EB0EA244A100C21467 /* commentnode.h */; };
		BFAF58250EA244A100C21467 /* contentnode.cc in Sources */ = {isa = PBXBuildFile; fileRef = BFAF57EC0EA244A100C21467 /* contentnode.cc */; };
		BFAF58260EA244A100C21467 /* contentnode.h in Headers */ = {isa = PBXBuildFile; fileRef = BFAF57ED0EA244A100C21467 /* contentnode.h */; };
		BFAF58270EA244A100C21467 /* element.cc in Sources */ = {isa = PBXBuildFile; fileRef = BFAF57EE0EA244A100C21467 /* element.cc */; };
		BFAF58280EA244A100C21467 /* element.h in Headers */ = {isa = PBXBuildFile; fileRef = BFAF57EF0EA244A100C21467 /* element.h */; };
		BFAF58290EA244A100C21467 /* entityreference.cc in Sources */ = {isa = PBXBuildFile; fileRef = BFAF57F00EA244A100C21467 /* entityreference.cc */; };
		BFAF582A0EA244A100C21467 /* entityreference.h in Headers */ = {isa = PBXBuildFile; fileRef = BFAF57F10EA244A100C21467 /* entityreference.h */; };
		BFAF582B0EA244A100C21467 /* node.cc in Sources */ = {isa = PBXBuildFile; fileRef = BFAF57F20EA244A100C21467 /* node.cc */; };
		BFAF582C0EA244A100C21467 /* node.h in Headers */ = {isa = PBXBuildFile; fileRef = BFAF57F30EA244A100C21467 /* node.h */; };
		BFAF582D0EA244A100C21467 /* processinginstructionnode.cc in Sources */ = {isa = PBXBuildFile; fileRef = BFAF57F40EA244A100C21467 /* processinginstructionnode.cc */; };
		BFAF582E0EA244A100C21467 /* processinginstructionnode.h in Headers */ = {isa = PBXBuildFile; fileRef = BFAF57F50EA244A100C21467 /* processinginstructionnode.h */; };
		BFAF582F0EA244A100C21467 /* textnode.cc in Sources */ = {isa = PBXBuildFile; fileRef = BFAF57F60EA244A100C21467 /* textnode.cc */; };
		BFAF58300EA244A100C21467 /* textnode.h in Headers */ = {isa = PBXBuildFile; fileRef = BFAF57F70EA244A100C21467 /* textnode.h */; };
		BFAF58310EA244A100C21467 /* noncopyable.cc in Sources */ = {isa = PBXBuildFile; fileRef = BFAF57F80EA244A100C21467 /* noncopyable.cc */; };
		BFAF58320EA244A100C21467 /* noncopyable.h in Headers */ = {isa = PBXBuildFile; fileRef = BFAF57F90EA244A100C21467 /* noncopyable.h */; };
		BFAF58350EA244A100C21467 /* domparser.cc in Sources */ = {isa = PBXBuildFile; fileRef = BFAF57FD0EA244A100C21467 /* domparser.cc */; };
		BFAF58360EA244A100C21467 /* domparser.h in Headers */ = {isa = PBXBuildFile; fileRef = BFAF57FE0EA244A100C21467 /* domparser.h */; };
		BFAF58370EA244A100C21467 /* parser.cc in Sources */ = {isa = PBXBuildFile; fileRef = BFAF57FF0EA244A100C21467 /* parser.cc */; };
		BFAF58380EA244A100C21467 /* parser.h in Headers */ = {isa = PBXBuildFile; fileRef = BFAF58000EA244A100C21467 /* parser.h */; };
		BFAF58390EA244A100C21467 /* saxparser.cc in Sources */ = {isa = PBXBuildFile; fileRef = BFAF58010EA244A100C21467 /* saxparser.cc */; };
		BFAF583A0EA244A100C21467 /* saxparser.h in Headers */ = {isa = PBXBuildFile; fileRef = BFAF58020EA244A100C21467 /* saxparser.h */; };
/* End PBXBuildFile section */

/* Begin PBXFileReference section */
		0867D69BFE84028FC02AAC07 /* Foundation.framework */ = {isa = PBXFileReference; lastKnownFileType = wrapper.framework; name = Foundation.framework; path = /System/Library/Frameworks/Foundation.framework; sourceTree = "<absolute>"; };
		0867D6A5FE840307C02AAC07 /* AppKit.framework */ = {isa = PBXFileReference; lastKnownFileType = wrapper.framework; name = AppKit.framework; path = /System/Library/Frameworks/AppKit.framework; sourceTree = "<absolute>"; };
		089C1667FE841158C02AAC07 /* English */ = {isa = PBXFileReference; fileEncoding = 10; lastKnownFileType = text.plist.strings; name = English; path = English.lproj/InfoPlist.strings; sourceTree = "<group>"; };
		1058C7B1FEA5585E11CA2CBB /* Cocoa.framework */ = {isa = PBXFileReference; lastKnownFileType = wrapper.framework; name = Cocoa.framework; path = /System/Library/Frameworks/Cocoa.framework; sourceTree = "<absolute>"; };
		32DBCF5E0370ADEE00C91783 /* libXMLFramework_Prefix.pch */ = {isa = PBXFileReference; fileEncoding = 4; lastKnownFileType = sourcecode.c.h; path = libXMLFramework_Prefix.pch; sourceTree = "<group>"; };
		8DC2EF5A0486A6940098B216 /* Info.plist */ = {isa = PBXFileReference; fileEncoding = 4; lastKnownFileType = text.plist.xml; path = Info.plist; sourceTree = "<group>"; };
		8DC2EF5B0486A6940098B216 /* libXMLFramework.framework */ = {isa = PBXFileReference; explicitFileType = wrapper.framework; includeInIndex = 0; path = libXMLFramework.framework; sourceTree = BUILT_PRODUCTS_DIR; };
		BFAF57C90EA244A100C21467 /* api_export.h */ = {isa = PBXFileReference; fileEncoding = 4; lastKnownFileType = sourcecode.c.h; path = api_export.h; sourceTree = "<group>"; };
		BFAF57CA0EA244A100C21467 /* attribute.cc */ = {isa = PBXFileReference; fileEncoding = 4; lastKnownFileType = sourcecode.cpp.cpp; path = attribute.cc; sourceTree = "<group>"; };
		BFAF57CB0EA244A100C21467 /* attribute.h */ = {isa = PBXFileReference; fileEncoding = 4; lastKnownFileType = sourcecode.c.h; path = attribute.h; sourceTree = "<group>"; };
		BFAF57CC0EA244A100C21467 /* document.cc */ = {isa = PBXFileReference; fileEncoding = 4; lastKnownFileType = sourcecode.cpp.cpp; path = document.cc; sourceTree = "<group>"; };
		BFAF57CD0EA244A100C21467 /* document.h */ = {isa = PBXFileReference; fileEncoding = 4; lastKnownFileType = sourcecode.c.h; path = document.h; sourceTree = "<group>"; };
		BFAF57CE0EA244A100C21467 /* dtd.cc */ = {isa = PBXFileReference; fileEncoding = 4; lastKnownFileType = sourcecode.cpp.cpp; path = dtd.cc; sourceTree = "<group>"; };
		BFAF57CF0EA244A100C21467 /* dtd.h */ = {isa = PBXFileReference; fileEncoding = 4; lastKnownFileType = sourcecode.c.h; path = dtd.h; sourceTree = "<group>"; };
		BFAF57D30EA244A100C21467 /* exception.cc */ = {isa = PBXFileReference; fileEncoding = 4; lastKnownFileType = sourcecode.cpp.cpp; path = exception.cc; sourceTree = "<group>"; };
		BFAF57D40EA244A100C21467 /* exception.h */ = {isa = PBXFileReference; fileEncoding = 4; lastKnownFileType = sourcecode.c.h; path = exception.h; sourceTree = "<group>"; };
		BFAF57D50EA244A100C21467 /* internal_error.cc */ = {isa = PBXFileReference; fileEncoding = 4; lastKnownFileType = sourcecode.cpp.cpp; path = internal_error.cc; sourceTree = "<group>"; };
		BFAF57D60EA244A100C21467 /* internal_error.h */ = {isa = PBXFileReference; fileEncoding = 4; lastKnownFileType = sourcecode.c.h; path = internal_error.h; sourceTree = "<group>"; };
		BFAF57D70EA244A100C21467 /* parse_error.cc */ = {isa = PBXFileReference; fileEncoding = 4; lastKnownFileType = sourcecode.cpp.cpp; path = parse_error.cc; sourceTree = "<group>"; };
		BFAF57D80EA244A100C21467 /* parse_error.h */ = {isa = PBXFileReference; fileEncoding = 4; lastKnownFileType = sourcecode.c.h; path = parse_error.h; sourceTree = "<group>"; };
		BFAF57D90EA244A100C21467 /* validity_error.cc */ = {isa = PBXFileReference; fileEncoding = 4; lastKnownFileType = sourcecode.cpp.cpp; path = validity_error.cc; sourceTree = "<group>"; };
		BFAF57DA0EA244A100C21467 /* validity_error.h */ = {isa = PBXFileReference; fileEncoding = 4; lastKnownFileType = sourcecode.c.h; path = validity_error.h; sourceTree = "<group>"; };
		BFAF57DE0EA244A100C21467 /* ostreamoutputbuffer.cc */ = {isa = PBXFileReference; fileEncoding = 4; lastKnownFileType = sourcecode.cpp.cpp; path = ostreamoutputbuffer.cc; sourceTree = "<group>"; };
		BFAF57DF0EA244A100C21467 /* ostreamoutputbuffer.h */ = {isa = PBXFileReference; fileEncoding = 4; lastKnownFileType = sourcecode.c.h; path = ostreamoutputbuffer.h; sourceTree = "<group>"; };
		BFAF57E00EA244A100C21467 /* outputbuffer.cc */ = {isa = PBXFileReference; fileEncoding = 4; lastKnownFileType = sourcecode.cpp.cpp; path = outputbuffer.cc; sourceTree = "<group>"; };
		BFAF57E10EA244A100C21467 /* outputbuffer.h */ = {isa = PBXFileReference; fileEncoding = 4; lastKnownFileType = sourcecode.c.h; path = outputbuffer.h; sourceTree = "<group>"; };
		BFAF57E20EA244A100C21467 /* keepblanks.cc */ = {isa = PBXFileReference; fileEncoding = 4; lastKnownFileType = sourcecode.cpp.cpp; path = keepblanks.cc; sourceTree = "<group>"; };
		BFAF57E30EA244A100C21467 /* keepblanks.h */ = {isa = PBXFileReference; fileEncoding = 4; lastKnownFileType = sourcecode.c.h; path = keepblanks.h; sourceTree = "<group>"; };
		BFAF57E40EA244A100C21467 /* libxml++.h */ = {isa = PBXFileReference; fileEncoding = 4; lastKnownFileType = sourcecode.c.h; path = "libxml++.h"; sourceTree = "<group>"; };
		BFAF57E80EA244A100C21467 /* cdatanode.cc */ = {isa = PBXFileReference; fileEncoding = 4; lastKnownFileType = sourcecode.cpp.cpp; path = cdatanode.cc; sourceTree = "<group>"; };
		BFAF57E90EA244A100C21467 /* cdatanode.h */ = {isa = PBXFileReference; fileEncoding = 4; lastKnownFileType = sourcecode.c.h; path = cdatanode.h; sourceTree = "<group>"; };
		BFAF57EA0EA244A100C21467 /* commentnode.cc */ = {isa = PBXFileReference; fileEncoding = 4; lastKnownFileType = sourcecode.cpp.cpp; path = commentnode.cc; sourceTree = "<group>"; };
		BFAF57EB0EA244A100C21467 /* commentnode.h */ = {isa = PBXFileReference; fileEncoding = 4; lastKnownFileType = sourcecode.c.h; path = commentnode.h; sourceTree = "<group>"; };
		BFAF57EC0EA244A100C21467 /* contentnode.cc */ = {isa = PBXFileReference; fileEncoding = 4; lastKnownFileType = sourcecode.cpp.cpp; path = contentnode.cc; sourceTree = "<group>"; };
		BFAF57ED0EA244A100C21467 /* contentnode.h */ = {isa = PBXFileReference; fileEncoding = 4; lastKnownFileType = sourcecode.c.h; path = contentnode.h; sourceTree = "<group>"; };
		BFAF57EE0EA244A100C21467 /* element.cc */ = {isa = PBXFileReference; fileEncoding = 4; lastKnownFileType = sourcecode.cpp.cpp; path = element.cc; sourceTree = "<group>"; };
		BFAF57EF0EA244A100C21467 /* element.h */ = {isa = PBXFileReference; fileEncoding = 4; lastKnownFileType = sourcecode.c.h; path = element.h; sourceTree = "<group>"; };
		BFAF57F00EA244A100C21467 /* entityreference.cc */ = {isa = PBXFileReference; fileEncoding = 4; lastKnownFileType = sourcecode.cpp.cpp; path = entityreference.cc; sourceTree = "<group>"; };
		BFAF57F10EA244A100C21467 /* entityreference.h */ = {isa = PBXFileReference; fileEncoding = 4; lastKnownFileType = sourcecode.c.h; path = entityreference.h; sourceTree = "<group>"; };
		BFAF57F20EA244A100C21467 /* node.cc */ = {isa = PBXFileReference; fileEncoding = 4; lastKnownFileType = sourcecode.cpp.cpp; path = node.cc; sourceTree = "<group>"; };
		BFAF57F30EA244A100C21467 /* node.h */ = {isa = PBXFileReference; fileEncoding = 4; lastKnownFileType = sourcecode.c.h; path = node.h; sourceTree = "<group>"; };
		BFAF57F40EA244A100C21467 /* processinginstructionnode.cc */ = {isa = PBXFileReference; fileEncoding = 4; lastKnownFileType = sourcecode.cpp.cpp; path = processinginstructionnode.cc; sourceTree = "<group>"; };
		BFAF57F50EA244A100C21467 /* processinginstructionnode.h */ = {isa = PBXFileReference; fileEncoding = 4; lastKnownFileType = sourcecode.c.h; path = processinginstructionnode.h; sourceTree = "<group>"; };
		BFAF57F60EA244A100C21467 /* textnode.cc */ = {isa = PBXFileReference; fileEncoding = 4; lastKnownFileType = sourcecode.cpp.cpp; path = textnode.cc; sourceTree = "<group>"; };
		BFAF57F70EA244A100C21467 /* textnode.h */ = {isa = PBXFileReference; fileEncoding = 4; lastKnownFileType = sourcecode.c.h; path = textnode.h; sourceTree = "<group>"; };
		BFAF57F80EA244A100C21467 /* noncopyable.cc */ = {isa = PBXFileReference; fileEncoding = 4; lastKnownFileType = sourcecode.cpp.cpp; path = noncopyable.cc; sourceTree = "<group>"; };
		BFAF57F90EA244A100C21467 /* noncopyable.h */ = {isa = PBXFileReference; fileEncoding = 4; lastKnownFileType = sourcecode.c.h; path = noncopyable.h; sourceTree = "<group>"; };
		BFAF57FD0EA244A100C21467 /* domparser.cc */ = {isa = PBXFileReference; fileEncoding = 4; lastKnownFileType = sourcecode.cpp.cpp; path = domparser.cc; sourceTree = "<group>"; };
		BFAF57FE0EA244A100C21467 /* domparser.h */ = {isa = PBXFileReference; fileEncoding = 4; lastKnownFileType = sourcecode.c.h; path = domparser.h; sourceTree = "<group>"; };
		BFAF57FF0EA244A100C21467 /* parser.cc */ = {isa = PBXFileReference; fileEncoding = 4; lastKnownFileType = sourcecode.cpp.cpp; path = parser.cc; sourceTree = "<group>"; };
		BFAF58000EA244A100C21467 /* parser.h */ = {isa = PBXFileReference; fileEncoding = 4; lastKnownFileType = sourcecode.c.h; path = parser.h; sourceTree = "<group>"; };
		BFAF58010EA244A100C21467 /* saxparser.cc */ = {isa = PBXFileReference; fileEncoding = 4; lastKnownFileType = sourcecode.cpp.cpp; path = saxparser.cc; sourceTree = "<group>"; };
		BFAF58020EA244A100C21467 /* saxparser.h */ = {isa = PBXFileReference; fileEncoding = 4; lastKnownFileType = sourcecode.c.h; path = saxparser.h; sourceTree = "<group>"; };
		D2F7E79907B2D74100F64583 /* CoreData.framework */ = {isa = PBXFileReference; lastKnownFileType = wrapper.framework; name = CoreData.framework; path = /System/Library/Frameworks/CoreData.framework; sourceTree = "<absolute>"; };
/* End PBXFileReference section */

/* Begin PBXFrameworksBuildPhase section */
		8DC2EF560486A6940098B216 /* Frameworks */ = {
			isa = PBXFrameworksBuildPhase;
			buildActionMask = 2147483647;
			files = (
				8DC2EF570486A6940098B216 /* Cocoa.framework in Frameworks */,
			);
			runOnlyForDeploymentPostprocessing = 0;
		};
/* End PBXFrameworksBuildPhase section */

/* Begin PBXGroup section */
		034768DFFF38A50411DB9C8B /* Products */ = {
			isa = PBXGroup;
			children = (
				8DC2EF5B0486A6940098B216 /* libXMLFramework.framework */,
			);
			name = Products;
			sourceTree = "<group>";
		};
		0867D691FE84028FC02AAC07 /* libXMLFramework */ = {
			isa = PBXGroup;
			children = (
				BFAF57C60EA244A100C21467 /* libxml++ */,
				08FB77AEFE84172EC02AAC07 /* Classes */,
				32C88DFF0371C24200C91783 /* Other Sources */,
				089C1665FE841158C02AAC07 /* Resources */,
				0867D69AFE84028FC02AAC07 /* External Frameworks and Libraries */,
				034768DFFF38A50411DB9C8B /* Products */,
			);
			name = libXMLFramework;
			sourceTree = "<group>";
		};
		0867D69AFE84028FC02AAC07 /* External Frameworks and Libraries */ = {
			isa = PBXGroup;
			children = (
				1058C7B0FEA5585E11CA2CBB /* Linked Frameworks */,
				1058C7B2FEA5585E11CA2CBB /* Other Frameworks */,
			);
			name = "External Frameworks and Libraries";
			sourceTree = "<group>";
		};
		089C1665FE841158C02AAC07 /* Resources */ = {
			isa = PBXGroup;
			children = (
				8DC2EF5A0486A6940098B216 /* Info.plist */,
				089C1666FE841158C02AAC07 /* InfoPlist.strings */,
			);
			name = Resources;
			sourceTree = "<group>";
		};
		08FB77AEFE84172EC02AAC07 /* Classes */ = {
			isa = PBXGroup;
			children = (
			);
			name = Classes;
			sourceTree = "<group>";
		};
		1058C7B0FEA5585E11CA2CBB /* Linked Frameworks */ = {
			isa = PBXGroup;
			children = (
				1058C7B1FEA5585E11CA2CBB /* Cocoa.framework */,
			);
			name = "Linked Frameworks";
			sourceTree = "<group>";
		};
		1058C7B2FEA5585E11CA2CBB /* Other Frameworks */ = {
			isa = PBXGroup;
			children = (
				0867D6A5FE840307C02AAC07 /* AppKit.framework */,
				D2F7E79907B2D74100F64583 /* CoreData.framework */,
				0867D69BFE84028FC02AAC07 /* Foundation.framework */,
			);
			name = "Other Frameworks";
			sourceTree = "<group>";
		};
		32C88DFF0371C24200C91783 /* Other Sources */ = {
			isa = PBXGroup;
			children = (
				32DBCF5E0370ADEE00C91783 /* libXMLFramework_Prefix.pch */,
			);
			name = "Other Sources";
			sourceTree = "<group>";
		};
		BFAF57C60EA244A100C21467 /* libxml++ */ = {
			isa = PBXGroup;
			children = (
				BFAF57C90EA244A100C21467 /* api_export.h */,
				BFAF57CA0EA244A100C21467 /* attribute.cc */,
				BFAF57CB0EA244A100C21467 /* attribute.h */,
				BFAF57CC0EA244A100C21467 /* document.cc */,
				BFAF57CD0EA244A100C21467 /* document.h */,
				BFAF57CE0EA244A100C21467 /* dtd.cc */,
				BFAF57CF0EA244A100C21467 /* dtd.h */,
				BFAF57D00EA244A100C21467 /* exceptions */,
				BFAF57DB0EA244A100C21467 /* io */,
				BFAF57E20EA244A100C21467 /* keepblanks.cc */,
				BFAF57E30EA244A100C21467 /* keepblanks.h */,
				BFAF57E40EA244A100C21467 /* libxml++.h */,
				BFAF57E50EA244A100C21467 /* nodes */,
				BFAF57F80EA244A100C21467 /* noncopyable.cc */,
				BFAF57F90EA244A100C21467 /* noncopyable.h */,
				BFAF57FA0EA244A100C21467 /* parsers */,
			);
			path = "libxml++";
			sourceTree = "<group>";
		};
		BFAF57D00EA244A100C21467 /* exceptions */ = {
			isa = PBXGroup;
			children = (
				BFAF57D30EA244A100C21467 /* exception.cc */,
				BFAF57D40EA244A100C21467 /* exception.h */,
				BFAF57D50EA244A100C21467 /* internal_error.cc */,
				BFAF57D60EA244A100C21467 /* internal_error.h */,
				BFAF57D70EA244A100C21467 /* parse_error.cc */,
				BFAF57D80EA244A100C21467 /* parse_error.h */,
				BFAF57D90EA244A100C21467 /* validity_error.cc */,
				BFAF57DA0EA244A100C21467 /* validity_error.h */,
			);
			path = exceptions;
			sourceTree = "<group>";
		};
		BFAF57DB0EA244A100C21467 /* io */ = {
			isa = PBXGroup;
			children = (
				BFAF57DE0EA244A100C21467 /* ostreamoutputbuffer.cc */,
				BFAF57DF0EA244A100C21467 /* ostreamoutputbuffer.h */,
				BFAF57E00EA244A100C21467 /* outputbuffer.cc */,
				BFAF57E10EA244A100C21467 /* outputbuffer.h */,
			);
			path = io;
			sourceTree = "<group>";
		};
		BFAF57E50EA244A100C21467 /* nodes */ = {
			isa = PBXGroup;
			children = (
				BFAF57E80EA244A100C21467 /* cdatanode.cc */,
				BFAF57E90EA244A100C21467 /* cdatanode.h */,
				BFAF57EA0EA244A100C21467 /* commentnode.cc */,
				BFAF57EB0EA244A100C21467 /* commentnode.h */,
				BFAF57EC0EA244A100C21467 /* contentnode.cc */,
				BFAF57ED0EA244A100C21467 /* contentnode.h */,
				BFAF57EE0EA244A100C21467 /* element.cc */,
				BFAF57EF0EA244A100C21467 /* element.h */,
				BFAF57F00EA244A100C21467 /* entityreference.cc */,
				BFAF57F10EA244A100C21467 /* entityreference.h */,
				BFAF57F20EA244A100C21467 /* node.cc */,
				BFAF57F30EA244A100C21467 /* node.h */,
				BFAF57F40EA244A100C21467 /* processinginstructionnode.cc */,
				BFAF57F50EA244A100C21467 /* processinginstructionnode.h */,
				BFAF57F60EA244A100C21467 /* textnode.cc */,
				BFAF57F70EA244A100C21467 /* textnode.h */,
			);
			path = nodes;
			sourceTree = "<group>";
		};
		BFAF57FA0EA244A100C21467 /* parsers */ = {
			isa = PBXGroup;
			children = (
				BFAF57FD0EA244A100C21467 /* domparser.cc */,
				BFAF57FE0EA244A100C21467 /* domparser.h */,
				BFAF57FF0EA244A100C21467 /* parser.cc */,
				BFAF58000EA244A100C21467 /* parser.h */,
				BFAF58010EA244A100C21467 /* saxparser.cc */,
				BFAF58020EA244A100C21467 /* saxparser.h */,
			);
			path = parsers;
			sourceTree = "<group>";
		};
/* End PBXGroup section */

/* Begin PBXHeadersBuildPhase section */
		8DC2EF500486A6940098B216 /* Headers */ = {
			isa = PBXHeadersBuildPhase;
			buildActionMask = 2147483647;
			files = (
				BFAF58050EA244A100C21467 /* api_export.h in Headers */,
				BFAF58070EA244A100C21467 /* attribute.h in Headers */,
				BFAF58090EA244A100C21467 /* document.h in Headers */,
				BFAF580B0EA244A100C21467 /* dtd.h in Headers */,
				BFAF580F0EA244A100C21467 /* exception.h in Headers */,
				BFAF58110EA244A100C21467 /* internal_error.h in Headers */,
				BFAF58130EA244A100C21467 /* parse_error.h in Headers */,
				BFAF58150EA244A100C21467 /* validity_error.h in Headers */,
				BFAF58190EA244A100C21467 /* ostreamoutputbuffer.h in Headers */,
				BFAF581B0EA244A100C21467 /* outputbuffer.h in Headers */,
				BFAF581D0EA244A100C21467 /* keepblanks.h in Headers */,
				BFAF581E0EA244A100C21467 /* libxml++.h in Headers */,
				BFAF58220EA244A100C21467 /* cdatanode.h in Headers */,
				BFAF58240EA244A100C21467 /* commentnode.h in Headers */,
				BFAF58260EA244A100C21467 /* contentnode.h in Headers */,
				BFAF58280EA244A100C21467 /* element.h in Headers */,
				BFAF582A0EA244A100C21467 /* entityreference.h in Headers */,
				BFAF582C0EA244A100C21467 /* node.h in Headers */,
				BFAF582E0EA244A100C21467 /* processinginstructionnode.h in Headers */,
				BFAF58300EA244A100C21467 /* textnode.h in Headers */,
				BFAF58320EA244A100C21467 /* noncopyable.h in Headers */,
				BFAF58360EA244A100C21467 /* domparser.h in Headers */,
				BFAF58380EA244A100C21467 /* parser.h in Headers */,
				BFAF583A0EA244A100C21467 /* saxparser.h in Headers */,
			);
			runOnlyForDeploymentPostprocessing = 0;
		};
/* End PBXHeadersBuildPhase section */

/* Begin PBXNativeTarget section */
		8DC2EF4F0486A6940098B216 /* libXMLFramework */ = {
			isa = PBXNativeTarget;
			buildConfigurationList = 1DEB91AD08733DA50010E9CD /* Build configuration list for PBXNativeTarget "libXMLFramework" */;
			buildPhases = (
				8DC2EF500486A6940098B216 /* Headers */,
				8DC2EF520486A6940098B216 /* Resources */,
				8DC2EF540486A6940098B216 /* Sources */,
				8DC2EF560486A6940098B216 /* Frameworks */,
			);
			buildRules = (
			);
			dependencies = (
			);
			name = libXMLFramework;
			productInstallPath = "$(HOME)/Library/Frameworks";
			productName = libXMLFramework;
			productReference = 8DC2EF5B0486A6940098B216 /* libXMLFramework.framework */;
			productType = "com.apple.product-type.framework";
		};
/* End PBXNativeTarget section */

/* Begin PBXProject section */
		0867D690FE84028FC02AAC07 /* Project object */ = {
			isa = PBXProject;
			buildConfigurationList = 1DEB91B108733DA50010E9CD /* Build configuration list for PBXProject "libXMLFramework" */;
			compatibilityVersion = "Xcode 3.2";
			developmentRegion = English;
			hasScannedForEncodings = 1;
			knownRegions = (
				English,
				Japanese,
				French,
				German,
			);
			mainGroup = 0867D691FE84028FC02AAC07 /* libXMLFramework */;
			productRefGroup = 034768DFFF38A50411DB9C8B /* Products */;
			projectDirPath = "";
			projectRoot = "";
			targets = (
				8DC2EF4F0486A6940098B216 /* libXMLFramework */,
			);
		};
/* End PBXProject section */

/* Begin PBXResourcesBuildPhase section */
		8DC2EF520486A6940098B216 /* Resources */ = {
			isa = PBXResourcesBuildPhase;
			buildActionMask = 2147483647;
			files = (
				8DC2EF530486A6940098B216 /* InfoPlist.strings in Resources */,
			);
			runOnlyForDeploymentPostprocessing = 0;
		};
/* End PBXResourcesBuildPhase section */

/* Begin PBXSourcesBuildPhase section */
		8DC2EF540486A6940098B216 /* Sources */ = {
			isa = PBXSourcesBuildPhase;
			buildActionMask = 2147483647;
			files = (
				BFAF58060EA244A100C21467 /* attribute.cc in Sources */,
				BFAF58080EA244A100C21467 /* document.cc in Sources */,
				BFAF580A0EA244A100C21467 /* dtd.cc in Sources */,
				BFAF580E0EA244A100C21467 /* exception.cc in Sources */,
				BFAF58100EA244A100C21467 /* internal_error.cc in Sources */,
				BFAF58120EA244A100C21467 /* parse_error.cc in Sources */,
				BFAF58140EA244A100C21467 /* validity_error.cc in Sources */,
				BFAF58180EA244A100C21467 /* ostreamoutputbuffer.cc in Sources */,
				BFAF581A0EA244A100C21467 /* outputbuffer.cc in Sources */,
				BFAF581C0EA244A100C21467 /* keepblanks.cc in Sources */,
				BFAF58210EA244A100C21467 /* cdatanode.cc in Sources */,
				BFAF58230EA244A100C21467 /* commentnode.cc in Sources */,
				BFAF58250EA244A100C21467 /* contentnode.cc in Sources */,
				BFAF58270EA244A100C21467 /* element.cc in Sources */,
				BFAF58290EA244A100C21467 /* entityreference.cc in Sources */,
				BFAF582B0EA244A100C21467 /* node.cc in Sources */,
				BFAF582D0EA244A100C21467 /* processinginstructionnode.cc in Sources */,
				BFAF582F0EA244A100C21467 /* textnode.cc in Sources */,
				BFAF58310EA244A100C21467 /* noncopyable.cc in Sources */,
				BFAF58350EA244A100C21467 /* domparser.cc in Sources */,
				BFAF58370EA244A100C21467 /* parser.cc in Sources */,
				BFAF58390EA244A100C21467 /* saxparser.cc in Sources */,
			);
			runOnlyForDeploymentPostprocessing = 0;
		};
/* End PBXSourcesBuildPhase section */

/* Begin PBXVariantGroup section */
		089C1666FE841158C02AAC07 /* InfoPlist.strings */ = {
			isa = PBXVariantGroup;
			children = (
				089C1667FE841158C02AAC07 /* English */,
			);
			name = InfoPlist.strings;
			sourceTree = "<group>";
		};
/* End PBXVariantGroup section */

/* Begin XCBuildConfiguration section */
		1DEB91AE08733DA50010E9CD /* Debug */ = {
			isa = XCBuildConfiguration;
			buildSettings = {
			};
			name = Debug;
		};
		1DEB91AF08733DA50010E9CD /* Release */ = {
			isa = XCBuildConfiguration;
			buildSettings = {
			};
			name = Release;
		};
		1DEB91B208733DA50010E9CD /* Debug */ = {
			isa = XCBuildConfiguration;
			buildSettings = {
				ARCHS = "$(ARCHS_STANDARD_64_BIT)";
				COPY_PHASE_STRIP = NO;
				DYLIB_COMPATIBILITY_VERSION = 1;
				DYLIB_CURRENT_VERSION = 1;
				GCC_C_LANGUAGE_STANDARD = c99;
				GCC_ENABLE_FIX_AND_CONTINUE = YES;
				GCC_ENABLE_SSE3_EXTENSIONS = YES;
				GCC_ENABLE_SSE41_EXTENSIONS = YES;
				GCC_ENABLE_SSE42_EXTENSIONS = YES;
				GCC_ENABLE_SUPPLEMENTAL_SSE3_INSTRUCTIONS = YES;
				GCC_OPTIMIZATION_LEVEL = 0;
				GCC_PRECOMPILE_PREFIX_HEADER = YES;
				GCC_PREFIX_HEADER = libXMLFramework_Prefix.pch;
				GCC_VERSION = com.apple.compilers.llvm.clang.1_0;
				GCC_WARN_ABOUT_RETURN_TYPE = YES;
				GCC_WARN_UNUSED_VARIABLE = YES;
				HEADER_SEARCH_PATHS = (
					"/usr/include/libxml2/**",
					"./**",
					"libxml++/**",
				);
				INFOPLIST_FILE = Info.plist;
				INSTALL_PATH = "@executable_path/../Frameworks";
				ONLY_ACTIVE_ARCH = YES;
				OTHER_LDFLAGS = "-lxml2";
				PREBINDING = NO;
				PRODUCT_NAME = libXMLFramework;
				SDKROOT = macosx10.6;
				USER_HEADER_SEARCH_PATHS = "libxml++/** ./**";
				WRAPPER_EXTENSION = framework;
			};
			name = Debug;
		};
		1DEB91B308733DA50010E9CD /* Release */ = {
			isa = XCBuildConfiguration;
			buildSettings = {
				ARCHS = "$(ARCHS_STANDARD_64_BIT)";
				DYLIB_COMPATIBILITY_VERSION = 1;
				DYLIB_CURRENT_VERSION = 1;
				GCC_C_LANGUAGE_STANDARD = c99;
				GCC_ENABLE_SSE3_EXTENSIONS = YES;
				GCC_ENABLE_SSE41_EXTENSIONS = YES;
				GCC_ENABLE_SSE42_EXTENSIONS = YES;
				GCC_ENABLE_SUPPLEMENTAL_SSE3_INSTRUCTIONS = YES;
				GCC_PRECOMPILE_PREFIX_HEADER = YES;
				GCC_PREFIX_HEADER = libXMLFramework_Prefix.pch;
				GCC_VERSION = com.apple.compilers.llvm.clang.1_0;
				GCC_WARN_ABOUT_RETURN_TYPE = YES;
				GCC_WARN_UNUSED_VARIABLE = YES;
				HEADER_SEARCH_PATHS = (
					"./**",
					"libxml++/**",
					"/usr/include/libxml2/**",
				);
				INFOPLIST_FILE = Info.plist;
				INSTALL_PATH = "@executable_path/../Frameworks";
				OTHER_LDFLAGS = "-lxml2";
				PREBINDING = NO;
				PRODUCT_NAME = libXMLFramework;
				SDKROOT = macosx10.6;
				WRAPPER_EXTENSION = framework;
			};
			name = Release;
		};
/* End XCBuildConfiguration section */

/* Begin XCConfigurationList section */
		1DEB91AD08733DA50010E9CD /* Build configuration list for PBXNativeTarget "libXMLFramework" */ = {
			isa = XCConfigurationList;
			buildConfigurations = (
				1DEB91AE08733DA50010E9CD /* Debug */,
				1DEB91AF08733DA50010E9CD /* Release */,
			);
			defaultConfigurationIsVisible = 0;
			defaultConfigurationName = Release;
		};
		1DEB91B108733DA50010E9CD /* Build configuration list for PBXProject "libXMLFramework" */ = {
			isa = XCConfigurationList;
			buildConfigurations = (
				1DEB91B208733DA50010E9CD /* Debug */,
				1DEB91B308733DA50010E9CD /* Release */,
			);
			defaultConfigurationIsVisible = 0;
			defaultConfigurationName = Release;
		};
/* End XCConfigurationList section */
	};
	rootObject = 0867D690FE84028FC02AAC07 /* Project object */;
}
